
Microsoft Visual Studio Solution File, Format Version 12.00
# Visual Studio Version 16
VisualStudioVersion = 16.0.30413.136
MinimumVisualStudioVersion = 10.0.40219.1
Project("{9A19103F-16F7-4668-BE54-9A1E7A4F7556}") = "Observatory.Core", "src\Observatory.Core\Observatory.Core.csproj", "{55596B7B-CB2C-46C4-BB1E-69A3CCF82E99}"
EndProject
Project("{9A19103F-16F7-4668-BE54-9A1E7A4F7556}") = "Observatory.Providers.Exchange", "src\Observatory.Providers.Exchange\Observatory.Providers.Exchange.csproj", "{4CBEB736-37DA-45B5-8287-9FD9D64E18B9}"
EndProject
Project("{2150E333-8FDC-42A3-9474-1A3956D46DE8}") = "UI", "UI", "{F85B76DA-B246-4B29-A24B-E16325794212}"
EndProject
Project("{2150E333-8FDC-42A3-9474-1A3956D46DE8}") = "Platforms", "Platforms", "{5F670CF4-0D4A-450D-B412-A6D0A7259D75}"
EndProject
Project("{FAE04EC0-301F-11D3-BF4B-00C04F79EFBC}") = "Observatory.UI.Droid", "src\Observatory.UI\Observatory.UI.Droid\Observatory.UI.Droid.csproj", "{2B678EB1-FDBF-4767-9B77-4CFE05E47C74}"
EndProject
Project("{FAE04EC0-301F-11D3-BF4B-00C04F79EFBC}") = "Observatory.UI.iOS", "src\Observatory.UI\Observatory.UI.iOS\Observatory.UI.iOS.csproj", "{43BC0945-6CCE-428E-95C3-E202CEFA3453}"
EndProject
Project("{FAE04EC0-301F-11D3-BF4B-00C04F79EFBC}") = "Observatory.UI.UWP", "src\Observatory.UI\Observatory.UI.UWP\Observatory.UI.UWP.csproj", "{DA49FF09-65D0-4D9D-95A4-F5CF4D1D5BA3}"
EndProject
Project("{9A19103F-16F7-4668-BE54-9A1E7A4F7556}") = "Observatory.UI.Wasm", "src\Observatory.UI\Observatory.UI.Wasm\Observatory.UI.Wasm.csproj", "{6DF8F7FF-3692-49D9-BFE6-3247904091C8}"
EndProject
Project("{FAE04EC0-301F-11D3-BF4B-00C04F79EFBC}") = "Observatory.UI.macOS", "src\Observatory.UI\Observatory.UI.macOS\Observatory.UI.macOS.csproj", "{2F4B9285-6498-4EAB-AD28-933F8BF88BAF}"
EndProject
Project("{9A19103F-16F7-4668-BE54-9A1E7A4F7556}") = "Observatory.UI.Skia.Wpf.Host", "src\Observatory.UI\Observatory.UI.Skia.Wpf.Host\Observatory.UI.Skia.Wpf.Host.csproj", "{420EFE54-B3F3-471A-B2A4-DC642F3A7E94}"
EndProject
Project("{9A19103F-16F7-4668-BE54-9A1E7A4F7556}") = "Observatory.UI.Skia.Wpf", "src\Observatory.UI\Observatory.UI.Skia.Wpf\Observatory.UI.Skia.Wpf.csproj", "{D095EC14-1DA1-4092-A7A2-20EA5D3B786A}"
EndProject
Project("{9A19103F-16F7-4668-BE54-9A1E7A4F7556}") = "Observatory.UI.Skia.Gtk", "src\Observatory.UI\Observatory.UI.Skia.Gtk\Observatory.UI.Skia.Gtk.csproj", "{625CEF6C-1D93-4409-814E-7FE84B75F980}"
EndProject
Project("{9A19103F-16F7-4668-BE54-9A1E7A4F7556}") = "Observatory.UI.Skia.Tizen", "src\Observatory.UI\Observatory.UI.Skia.Tizen\Observatory.UI.Skia.Tizen.csproj", "{008C3E93-5282-4E75-9DDA-446FFB704019}"
EndProject
Project("{D954291E-2A0B-460D-934E-DC6B0785DB48}") = "Observatory.UI.Shared", "src\Observatory.UI\Observatory.UI.Shared\Observatory.UI.Shared.shproj", "{6279C845-92F8-4333-AB99-3D213163593C}"
EndProject
Project("{2150E333-8FDC-42A3-9474-1A3956D46DE8}") = "Tests", "Tests", "{7689574B-A522-4939-9649-1ABB8FF2C0B3}"
EndProject
Project("{9A19103F-16F7-4668-BE54-9A1E7A4F7556}") = "Observatory.Core.Tests", "tests\Observatory.Core.Tests\Observatory.Core.Tests.csproj", "{B7098393-A004-414F-B14A-AE69662B8EFB}"
EndProject
Project("{2150E333-8FDC-42A3-9474-1A3956D46DE8}") = "Solution Items", "Solution Items", "{BC796895-93D5-4C77-B250-BA65DF458C5E}"
	ProjectSection(SolutionItems) = preProject
		README.md = README.md
	EndProjectSection
EndProject
Global
	GlobalSection(SharedMSBuildProjectFiles) = preSolution
		src\Observatory.UI\Observatory.UI.Shared\Observatory.UI.Shared.projitems*{008c3e93-5282-4e75-9dda-446ffb704019}*SharedItemsImports = 5
		src\Observatory.UI\Observatory.UI.Shared\Observatory.UI.Shared.projitems*{2b678eb1-fdbf-4767-9b77-4cfe05e47c74}*SharedItemsImports = 4
		src\Observatory.UI\Observatory.UI.Shared\Observatory.UI.Shared.projitems*{2f4b9285-6498-4eab-ad28-933f8bf88baf}*SharedItemsImports = 4
		src\Observatory.UI\Observatory.UI.Shared\Observatory.UI.Shared.projitems*{43bc0945-6cce-428e-95c3-e202cefa3453}*SharedItemsImports = 4
		src\Observatory.UI\Observatory.UI.Shared\Observatory.UI.Shared.projitems*{625cef6c-1d93-4409-814e-7fe84b75f980}*SharedItemsImports = 5
		src\Observatory.UI\Observatory.UI.Shared\Observatory.UI.Shared.projitems*{6279c845-92f8-4333-ab99-3d213163593c}*SharedItemsImports = 13
		src\Observatory.UI\Observatory.UI.Shared\Observatory.UI.Shared.projitems*{6df8f7ff-3692-49d9-bfe6-3247904091c8}*SharedItemsImports = 5
		src\Observatory.UI\Observatory.UI.Shared\Observatory.UI.Shared.projitems*{d095ec14-1da1-4092-a7a2-20ea5d3b786a}*SharedItemsImports = 5
		src\Observatory.UI\Observatory.UI.Shared\Observatory.UI.Shared.projitems*{da49ff09-65d0-4d9d-95a4-f5cf4d1d5ba3}*SharedItemsImports = 4
	EndGlobalSection
	GlobalSection(SolutionConfigurationPlatforms) = preSolution
		Ad-Hoc|Any CPU = Ad-Hoc|Any CPU
		Ad-Hoc|ARM = Ad-Hoc|ARM
		Ad-Hoc|ARM64 = Ad-Hoc|ARM64
		Ad-Hoc|iPhone = Ad-Hoc|iPhone
		Ad-Hoc|iPhoneSimulator = Ad-Hoc|iPhoneSimulator
		Ad-Hoc|x64 = Ad-Hoc|x64
		Ad-Hoc|x86 = Ad-Hoc|x86
		AppStore|Any CPU = AppStore|Any CPU
		AppStore|ARM = AppStore|ARM
		AppStore|ARM64 = AppStore|ARM64
		AppStore|iPhone = AppStore|iPhone
		AppStore|iPhoneSimulator = AppStore|iPhoneSimulator
		AppStore|x64 = AppStore|x64
		AppStore|x86 = AppStore|x86
		Debug|Any CPU = Debug|Any CPU
		Debug|ARM = Debug|ARM
		Debug|ARM64 = Debug|ARM64
		Debug|iPhone = Debug|iPhone
		Debug|iPhoneSimulator = Debug|iPhoneSimulator
		Debug|x64 = Debug|x64
		Debug|x86 = Debug|x86
		Release|Any CPU = Release|Any CPU
		Release|ARM = Release|ARM
		Release|ARM64 = Release|ARM64
		Release|iPhone = Release|iPhone
		Release|iPhoneSimulator = Release|iPhoneSimulator
		Release|x64 = Release|x64
		Release|x86 = Release|x86
	EndGlobalSection
	GlobalSection(ProjectConfigurationPlatforms) = postSolution
		{55596B7B-CB2C-46C4-BB1E-69A3CCF82E99}.Ad-Hoc|Any CPU.ActiveCfg = Release|Any CPU
		{55596B7B-CB2C-46C4-BB1E-69A3CCF82E99}.Ad-Hoc|Any CPU.Build.0 = Release|Any CPU
		{55596B7B-CB2C-46C4-BB1E-69A3CCF82E99}.Ad-Hoc|ARM.ActiveCfg = Release|Any CPU
		{55596B7B-CB2C-46C4-BB1E-69A3CCF82E99}.Ad-Hoc|ARM.Build.0 = Release|Any CPU
		{55596B7B-CB2C-46C4-BB1E-69A3CCF82E99}.Ad-Hoc|ARM64.ActiveCfg = Release|Any CPU
		{55596B7B-CB2C-46C4-BB1E-69A3CCF82E99}.Ad-Hoc|ARM64.Build.0 = Release|Any CPU
		{55596B7B-CB2C-46C4-BB1E-69A3CCF82E99}.Ad-Hoc|iPhone.ActiveCfg = Release|Any CPU
		{55596B7B-CB2C-46C4-BB1E-69A3CCF82E99}.Ad-Hoc|iPhone.Build.0 = Release|Any CPU
		{55596B7B-CB2C-46C4-BB1E-69A3CCF82E99}.Ad-Hoc|iPhoneSimulator.ActiveCfg = Release|Any CPU
		{55596B7B-CB2C-46C4-BB1E-69A3CCF82E99}.Ad-Hoc|iPhoneSimulator.Build.0 = Release|Any CPU
		{55596B7B-CB2C-46C4-BB1E-69A3CCF82E99}.Ad-Hoc|x64.ActiveCfg = Release|Any CPU
		{55596B7B-CB2C-46C4-BB1E-69A3CCF82E99}.Ad-Hoc|x64.Build.0 = Release|Any CPU
		{55596B7B-CB2C-46C4-BB1E-69A3CCF82E99}.Ad-Hoc|x86.ActiveCfg = Release|Any CPU
		{55596B7B-CB2C-46C4-BB1E-69A3CCF82E99}.Ad-Hoc|x86.Build.0 = Release|Any CPU
		{55596B7B-CB2C-46C4-BB1E-69A3CCF82E99}.AppStore|Any CPU.ActiveCfg = Release|Any CPU
		{55596B7B-CB2C-46C4-BB1E-69A3CCF82E99}.AppStore|Any CPU.Build.0 = Release|Any CPU
		{55596B7B-CB2C-46C4-BB1E-69A3CCF82E99}.AppStore|ARM.ActiveCfg = Release|Any CPU
		{55596B7B-CB2C-46C4-BB1E-69A3CCF82E99}.AppStore|ARM.Build.0 = Release|Any CPU
		{55596B7B-CB2C-46C4-BB1E-69A3CCF82E99}.AppStore|ARM64.ActiveCfg = Release|Any CPU
		{55596B7B-CB2C-46C4-BB1E-69A3CCF82E99}.AppStore|ARM64.Build.0 = Release|Any CPU
		{55596B7B-CB2C-46C4-BB1E-69A3CCF82E99}.AppStore|iPhone.ActiveCfg = Release|Any CPU
		{55596B7B-CB2C-46C4-BB1E-69A3CCF82E99}.AppStore|iPhone.Build.0 = Release|Any CPU
		{55596B7B-CB2C-46C4-BB1E-69A3CCF82E99}.AppStore|iPhoneSimulator.ActiveCfg = Release|Any CPU
		{55596B7B-CB2C-46C4-BB1E-69A3CCF82E99}.AppStore|iPhoneSimulator.Build.0 = Release|Any CPU
		{55596B7B-CB2C-46C4-BB1E-69A3CCF82E99}.AppStore|x64.ActiveCfg = Release|Any CPU
		{55596B7B-CB2C-46C4-BB1E-69A3CCF82E99}.AppStore|x64.Build.0 = Release|Any CPU
		{55596B7B-CB2C-46C4-BB1E-69A3CCF82E99}.AppStore|x86.ActiveCfg = Release|Any CPU
		{55596B7B-CB2C-46C4-BB1E-69A3CCF82E99}.AppStore|x86.Build.0 = Release|Any CPU
		{55596B7B-CB2C-46C4-BB1E-69A3CCF82E99}.Debug|Any CPU.ActiveCfg = Debug|Any CPU
		{55596B7B-CB2C-46C4-BB1E-69A3CCF82E99}.Debug|Any CPU.Build.0 = Debug|Any CPU
		{55596B7B-CB2C-46C4-BB1E-69A3CCF82E99}.Debug|ARM.ActiveCfg = Debug|Any CPU
		{55596B7B-CB2C-46C4-BB1E-69A3CCF82E99}.Debug|ARM.Build.0 = Debug|Any CPU
		{55596B7B-CB2C-46C4-BB1E-69A3CCF82E99}.Debug|ARM64.ActiveCfg = Debug|Any CPU
		{55596B7B-CB2C-46C4-BB1E-69A3CCF82E99}.Debug|ARM64.Build.0 = Debug|Any CPU
		{55596B7B-CB2C-46C4-BB1E-69A3CCF82E99}.Debug|iPhone.ActiveCfg = Debug|Any CPU
		{55596B7B-CB2C-46C4-BB1E-69A3CCF82E99}.Debug|iPhone.Build.0 = Debug|Any CPU
		{55596B7B-CB2C-46C4-BB1E-69A3CCF82E99}.Debug|iPhoneSimulator.ActiveCfg = Debug|Any CPU
		{55596B7B-CB2C-46C4-BB1E-69A3CCF82E99}.Debug|iPhoneSimulator.Build.0 = Debug|Any CPU
		{55596B7B-CB2C-46C4-BB1E-69A3CCF82E99}.Debug|x64.ActiveCfg = Debug|Any CPU
		{55596B7B-CB2C-46C4-BB1E-69A3CCF82E99}.Debug|x64.Build.0 = Debug|Any CPU
		{55596B7B-CB2C-46C4-BB1E-69A3CCF82E99}.Debug|x86.ActiveCfg = Debug|Any CPU
		{55596B7B-CB2C-46C4-BB1E-69A3CCF82E99}.Debug|x86.Build.0 = Debug|Any CPU
		{55596B7B-CB2C-46C4-BB1E-69A3CCF82E99}.Release|Any CPU.ActiveCfg = Release|Any CPU
		{55596B7B-CB2C-46C4-BB1E-69A3CCF82E99}.Release|Any CPU.Build.0 = Release|Any CPU
		{55596B7B-CB2C-46C4-BB1E-69A3CCF82E99}.Release|ARM.ActiveCfg = Release|Any CPU
		{55596B7B-CB2C-46C4-BB1E-69A3CCF82E99}.Release|ARM.Build.0 = Release|Any CPU
		{55596B7B-CB2C-46C4-BB1E-69A3CCF82E99}.Release|ARM64.ActiveCfg = Release|Any CPU
		{55596B7B-CB2C-46C4-BB1E-69A3CCF82E99}.Release|ARM64.Build.0 = Release|Any CPU
		{55596B7B-CB2C-46C4-BB1E-69A3CCF82E99}.Release|iPhone.ActiveCfg = Release|Any CPU
		{55596B7B-CB2C-46C4-BB1E-69A3CCF82E99}.Release|iPhone.Build.0 = Release|Any CPU
		{55596B7B-CB2C-46C4-BB1E-69A3CCF82E99}.Release|iPhoneSimulator.ActiveCfg = Release|Any CPU
		{55596B7B-CB2C-46C4-BB1E-69A3CCF82E99}.Release|iPhoneSimulator.Build.0 = Release|Any CPU
		{55596B7B-CB2C-46C4-BB1E-69A3CCF82E99}.Release|x64.ActiveCfg = Release|Any CPU
		{55596B7B-CB2C-46C4-BB1E-69A3CCF82E99}.Release|x64.Build.0 = Release|Any CPU
		{55596B7B-CB2C-46C4-BB1E-69A3CCF82E99}.Release|x86.ActiveCfg = Release|Any CPU
		{55596B7B-CB2C-46C4-BB1E-69A3CCF82E99}.Release|x86.Build.0 = Release|Any CPU
		{4CBEB736-37DA-45B5-8287-9FD9D64E18B9}.Ad-Hoc|Any CPU.ActiveCfg = Release|Any CPU
		{4CBEB736-37DA-45B5-8287-9FD9D64E18B9}.Ad-Hoc|Any CPU.Build.0 = Release|Any CPU
		{4CBEB736-37DA-45B5-8287-9FD9D64E18B9}.Ad-Hoc|ARM.ActiveCfg = Release|Any CPU
		{4CBEB736-37DA-45B5-8287-9FD9D64E18B9}.Ad-Hoc|ARM.Build.0 = Release|Any CPU
		{4CBEB736-37DA-45B5-8287-9FD9D64E18B9}.Ad-Hoc|ARM64.ActiveCfg = Release|Any CPU
		{4CBEB736-37DA-45B5-8287-9FD9D64E18B9}.Ad-Hoc|ARM64.Build.0 = Release|Any CPU
		{4CBEB736-37DA-45B5-8287-9FD9D64E18B9}.Ad-Hoc|iPhone.ActiveCfg = Release|Any CPU
		{4CBEB736-37DA-45B5-8287-9FD9D64E18B9}.Ad-Hoc|iPhone.Build.0 = Release|Any CPU
		{4CBEB736-37DA-45B5-8287-9FD9D64E18B9}.Ad-Hoc|iPhoneSimulator.ActiveCfg = Release|Any CPU
		{4CBEB736-37DA-45B5-8287-9FD9D64E18B9}.Ad-Hoc|iPhoneSimulator.Build.0 = Release|Any CPU
		{4CBEB736-37DA-45B5-8287-9FD9D64E18B9}.Ad-Hoc|x64.ActiveCfg = Release|Any CPU
		{4CBEB736-37DA-45B5-8287-9FD9D64E18B9}.Ad-Hoc|x64.Build.0 = Release|Any CPU
		{4CBEB736-37DA-45B5-8287-9FD9D64E18B9}.Ad-Hoc|x86.ActiveCfg = Release|Any CPU
		{4CBEB736-37DA-45B5-8287-9FD9D64E18B9}.Ad-Hoc|x86.Build.0 = Release|Any CPU
		{4CBEB736-37DA-45B5-8287-9FD9D64E18B9}.AppStore|Any CPU.ActiveCfg = Release|Any CPU
		{4CBEB736-37DA-45B5-8287-9FD9D64E18B9}.AppStore|Any CPU.Build.0 = Release|Any CPU
		{4CBEB736-37DA-45B5-8287-9FD9D64E18B9}.AppStore|ARM.ActiveCfg = Release|Any CPU
		{4CBEB736-37DA-45B5-8287-9FD9D64E18B9}.AppStore|ARM.Build.0 = Release|Any CPU
		{4CBEB736-37DA-45B5-8287-9FD9D64E18B9}.AppStore|ARM64.ActiveCfg = Release|Any CPU
		{4CBEB736-37DA-45B5-8287-9FD9D64E18B9}.AppStore|ARM64.Build.0 = Release|Any CPU
		{4CBEB736-37DA-45B5-8287-9FD9D64E18B9}.AppStore|iPhone.ActiveCfg = Release|Any CPU
		{4CBEB736-37DA-45B5-8287-9FD9D64E18B9}.AppStore|iPhone.Build.0 = Release|Any CPU
		{4CBEB736-37DA-45B5-8287-9FD9D64E18B9}.AppStore|iPhoneSimulator.ActiveCfg = Release|Any CPU
		{4CBEB736-37DA-45B5-8287-9FD9D64E18B9}.AppStore|iPhoneSimulator.Build.0 = Release|Any CPU
		{4CBEB736-37DA-45B5-8287-9FD9D64E18B9}.AppStore|x64.ActiveCfg = Release|Any CPU
		{4CBEB736-37DA-45B5-8287-9FD9D64E18B9}.AppStore|x64.Build.0 = Release|Any CPU
		{4CBEB736-37DA-45B5-8287-9FD9D64E18B9}.AppStore|x86.ActiveCfg = Release|Any CPU
		{4CBEB736-37DA-45B5-8287-9FD9D64E18B9}.AppStore|x86.Build.0 = Release|Any CPU
		{4CBEB736-37DA-45B5-8287-9FD9D64E18B9}.Debug|Any CPU.ActiveCfg = Debug|Any CPU
		{4CBEB736-37DA-45B5-8287-9FD9D64E18B9}.Debug|Any CPU.Build.0 = Debug|Any CPU
		{4CBEB736-37DA-45B5-8287-9FD9D64E18B9}.Debug|ARM.ActiveCfg = Debug|Any CPU
		{4CBEB736-37DA-45B5-8287-9FD9D64E18B9}.Debug|ARM.Build.0 = Debug|Any CPU
		{4CBEB736-37DA-45B5-8287-9FD9D64E18B9}.Debug|ARM64.ActiveCfg = Debug|Any CPU
		{4CBEB736-37DA-45B5-8287-9FD9D64E18B9}.Debug|ARM64.Build.0 = Debug|Any CPU
		{4CBEB736-37DA-45B5-8287-9FD9D64E18B9}.Debug|iPhone.ActiveCfg = Debug|Any CPU
		{4CBEB736-37DA-45B5-8287-9FD9D64E18B9}.Debug|iPhone.Build.0 = Debug|Any CPU
		{4CBEB736-37DA-45B5-8287-9FD9D64E18B9}.Debug|iPhoneSimulator.ActiveCfg = Debug|Any CPU
		{4CBEB736-37DA-45B5-8287-9FD9D64E18B9}.Debug|iPhoneSimulator.Build.0 = Debug|Any CPU
		{4CBEB736-37DA-45B5-8287-9FD9D64E18B9}.Debug|x64.ActiveCfg = Debug|Any CPU
		{4CBEB736-37DA-45B5-8287-9FD9D64E18B9}.Debug|x64.Build.0 = Debug|Any CPU
		{4CBEB736-37DA-45B5-8287-9FD9D64E18B9}.Debug|x86.ActiveCfg = Debug|Any CPU
		{4CBEB736-37DA-45B5-8287-9FD9D64E18B9}.Debug|x86.Build.0 = Debug|Any CPU
		{4CBEB736-37DA-45B5-8287-9FD9D64E18B9}.Release|Any CPU.ActiveCfg = Release|Any CPU
		{4CBEB736-37DA-45B5-8287-9FD9D64E18B9}.Release|Any CPU.Build.0 = Release|Any CPU
		{4CBEB736-37DA-45B5-8287-9FD9D64E18B9}.Release|ARM.ActiveCfg = Release|Any CPU
		{4CBEB736-37DA-45B5-8287-9FD9D64E18B9}.Release|ARM.Build.0 = Release|Any CPU
		{4CBEB736-37DA-45B5-8287-9FD9D64E18B9}.Release|ARM64.ActiveCfg = Release|Any CPU
		{4CBEB736-37DA-45B5-8287-9FD9D64E18B9}.Release|ARM64.Build.0 = Release|Any CPU
		{4CBEB736-37DA-45B5-8287-9FD9D64E18B9}.Release|iPhone.ActiveCfg = Release|Any CPU
		{4CBEB736-37DA-45B5-8287-9FD9D64E18B9}.Release|iPhone.Build.0 = Release|Any CPU
		{4CBEB736-37DA-45B5-8287-9FD9D64E18B9}.Release|iPhoneSimulator.ActiveCfg = Release|Any CPU
		{4CBEB736-37DA-45B5-8287-9FD9D64E18B9}.Release|iPhoneSimulator.Build.0 = Release|Any CPU
		{4CBEB736-37DA-45B5-8287-9FD9D64E18B9}.Release|x64.ActiveCfg = Release|Any CPU
		{4CBEB736-37DA-45B5-8287-9FD9D64E18B9}.Release|x64.Build.0 = Release|Any CPU
		{4CBEB736-37DA-45B5-8287-9FD9D64E18B9}.Release|x86.ActiveCfg = Release|Any CPU
		{4CBEB736-37DA-45B5-8287-9FD9D64E18B9}.Release|x86.Build.0 = Release|Any CPU
		{2B678EB1-FDBF-4767-9B77-4CFE05E47C74}.Ad-Hoc|Any CPU.ActiveCfg = Debug|Any CPU
		{2B678EB1-FDBF-4767-9B77-4CFE05E47C74}.Ad-Hoc|Any CPU.Build.0 = Debug|Any CPU
		{2B678EB1-FDBF-4767-9B77-4CFE05E47C74}.Ad-Hoc|Any CPU.Deploy.0 = Debug|Any CPU
		{2B678EB1-FDBF-4767-9B77-4CFE05E47C74}.Ad-Hoc|ARM.ActiveCfg = Debug|Any CPU
		{2B678EB1-FDBF-4767-9B77-4CFE05E47C74}.Ad-Hoc|ARM.Build.0 = Debug|Any CPU
		{2B678EB1-FDBF-4767-9B77-4CFE05E47C74}.Ad-Hoc|ARM.Deploy.0 = Debug|Any CPU
		{2B678EB1-FDBF-4767-9B77-4CFE05E47C74}.Ad-Hoc|ARM64.ActiveCfg = Debug|Any CPU
		{2B678EB1-FDBF-4767-9B77-4CFE05E47C74}.Ad-Hoc|ARM64.Build.0 = Debug|Any CPU
		{2B678EB1-FDBF-4767-9B77-4CFE05E47C74}.Ad-Hoc|ARM64.Deploy.0 = Debug|Any CPU
		{2B678EB1-FDBF-4767-9B77-4CFE05E47C74}.Ad-Hoc|iPhone.ActiveCfg = Debug|Any CPU
		{2B678EB1-FDBF-4767-9B77-4CFE05E47C74}.Ad-Hoc|iPhone.Build.0 = Debug|Any CPU
		{2B678EB1-FDBF-4767-9B77-4CFE05E47C74}.Ad-Hoc|iPhone.Deploy.0 = Debug|Any CPU
		{2B678EB1-FDBF-4767-9B77-4CFE05E47C74}.Ad-Hoc|iPhoneSimulator.ActiveCfg = Debug|Any CPU
		{2B678EB1-FDBF-4767-9B77-4CFE05E47C74}.Ad-Hoc|iPhoneSimulator.Build.0 = Debug|Any CPU
		{2B678EB1-FDBF-4767-9B77-4CFE05E47C74}.Ad-Hoc|iPhoneSimulator.Deploy.0 = Debug|Any CPU
		{2B678EB1-FDBF-4767-9B77-4CFE05E47C74}.Ad-Hoc|x64.ActiveCfg = Debug|Any CPU
		{2B678EB1-FDBF-4767-9B77-4CFE05E47C74}.Ad-Hoc|x64.Build.0 = Debug|Any CPU
		{2B678EB1-FDBF-4767-9B77-4CFE05E47C74}.Ad-Hoc|x64.Deploy.0 = Debug|Any CPU
		{2B678EB1-FDBF-4767-9B77-4CFE05E47C74}.Ad-Hoc|x86.ActiveCfg = Debug|Any CPU
		{2B678EB1-FDBF-4767-9B77-4CFE05E47C74}.Ad-Hoc|x86.Build.0 = Debug|Any CPU
		{2B678EB1-FDBF-4767-9B77-4CFE05E47C74}.Ad-Hoc|x86.Deploy.0 = Debug|Any CPU
		{2B678EB1-FDBF-4767-9B77-4CFE05E47C74}.AppStore|Any CPU.ActiveCfg = Debug|Any CPU
		{2B678EB1-FDBF-4767-9B77-4CFE05E47C74}.AppStore|Any CPU.Build.0 = Debug|Any CPU
		{2B678EB1-FDBF-4767-9B77-4CFE05E47C74}.AppStore|Any CPU.Deploy.0 = Debug|Any CPU
		{2B678EB1-FDBF-4767-9B77-4CFE05E47C74}.AppStore|ARM.ActiveCfg = Debug|Any CPU
		{2B678EB1-FDBF-4767-9B77-4CFE05E47C74}.AppStore|ARM.Build.0 = Debug|Any CPU
		{2B678EB1-FDBF-4767-9B77-4CFE05E47C74}.AppStore|ARM.Deploy.0 = Debug|Any CPU
		{2B678EB1-FDBF-4767-9B77-4CFE05E47C74}.AppStore|ARM64.ActiveCfg = Debug|Any CPU
		{2B678EB1-FDBF-4767-9B77-4CFE05E47C74}.AppStore|ARM64.Build.0 = Debug|Any CPU
		{2B678EB1-FDBF-4767-9B77-4CFE05E47C74}.AppStore|ARM64.Deploy.0 = Debug|Any CPU
		{2B678EB1-FDBF-4767-9B77-4CFE05E47C74}.AppStore|iPhone.ActiveCfg = Debug|Any CPU
		{2B678EB1-FDBF-4767-9B77-4CFE05E47C74}.AppStore|iPhone.Build.0 = Debug|Any CPU
		{2B678EB1-FDBF-4767-9B77-4CFE05E47C74}.AppStore|iPhone.Deploy.0 = Debug|Any CPU
		{2B678EB1-FDBF-4767-9B77-4CFE05E47C74}.AppStore|iPhoneSimulator.ActiveCfg = Debug|Any CPU
		{2B678EB1-FDBF-4767-9B77-4CFE05E47C74}.AppStore|iPhoneSimulator.Build.0 = Debug|Any CPU
		{2B678EB1-FDBF-4767-9B77-4CFE05E47C74}.AppStore|iPhoneSimulator.Deploy.0 = Debug|Any CPU
		{2B678EB1-FDBF-4767-9B77-4CFE05E47C74}.AppStore|x64.ActiveCfg = Debug|Any CPU
		{2B678EB1-FDBF-4767-9B77-4CFE05E47C74}.AppStore|x64.Build.0 = Debug|Any CPU
		{2B678EB1-FDBF-4767-9B77-4CFE05E47C74}.AppStore|x64.Deploy.0 = Debug|Any CPU
		{2B678EB1-FDBF-4767-9B77-4CFE05E47C74}.AppStore|x86.ActiveCfg = Debug|Any CPU
		{2B678EB1-FDBF-4767-9B77-4CFE05E47C74}.AppStore|x86.Build.0 = Debug|Any CPU
		{2B678EB1-FDBF-4767-9B77-4CFE05E47C74}.AppStore|x86.Deploy.0 = Debug|Any CPU
		{2B678EB1-FDBF-4767-9B77-4CFE05E47C74}.Debug|Any CPU.ActiveCfg = Debug|Any CPU
		{2B678EB1-FDBF-4767-9B77-4CFE05E47C74}.Debug|Any CPU.Build.0 = Debug|Any CPU
		{2B678EB1-FDBF-4767-9B77-4CFE05E47C74}.Debug|Any CPU.Deploy.0 = Debug|Any CPU
		{2B678EB1-FDBF-4767-9B77-4CFE05E47C74}.Debug|ARM.ActiveCfg = Debug|Any CPU
		{2B678EB1-FDBF-4767-9B77-4CFE05E47C74}.Debug|ARM.Build.0 = Debug|Any CPU
		{2B678EB1-FDBF-4767-9B77-4CFE05E47C74}.Debug|ARM.Deploy.0 = Debug|Any CPU
		{2B678EB1-FDBF-4767-9B77-4CFE05E47C74}.Debug|ARM64.ActiveCfg = Debug|Any CPU
		{2B678EB1-FDBF-4767-9B77-4CFE05E47C74}.Debug|ARM64.Build.0 = Debug|Any CPU
		{2B678EB1-FDBF-4767-9B77-4CFE05E47C74}.Debug|ARM64.Deploy.0 = Debug|Any CPU
		{2B678EB1-FDBF-4767-9B77-4CFE05E47C74}.Debug|iPhone.ActiveCfg = Debug|Any CPU
		{2B678EB1-FDBF-4767-9B77-4CFE05E47C74}.Debug|iPhone.Build.0 = Debug|Any CPU
		{2B678EB1-FDBF-4767-9B77-4CFE05E47C74}.Debug|iPhone.Deploy.0 = Debug|Any CPU
		{2B678EB1-FDBF-4767-9B77-4CFE05E47C74}.Debug|iPhoneSimulator.ActiveCfg = Debug|Any CPU
		{2B678EB1-FDBF-4767-9B77-4CFE05E47C74}.Debug|iPhoneSimulator.Build.0 = Debug|Any CPU
		{2B678EB1-FDBF-4767-9B77-4CFE05E47C74}.Debug|iPhoneSimulator.Deploy.0 = Debug|Any CPU
		{2B678EB1-FDBF-4767-9B77-4CFE05E47C74}.Debug|x64.ActiveCfg = Debug|Any CPU
		{2B678EB1-FDBF-4767-9B77-4CFE05E47C74}.Debug|x64.Build.0 = Debug|Any CPU
		{2B678EB1-FDBF-4767-9B77-4CFE05E47C74}.Debug|x64.Deploy.0 = Debug|Any CPU
		{2B678EB1-FDBF-4767-9B77-4CFE05E47C74}.Debug|x86.ActiveCfg = Debug|Any CPU
		{2B678EB1-FDBF-4767-9B77-4CFE05E47C74}.Debug|x86.Build.0 = Debug|Any CPU
		{2B678EB1-FDBF-4767-9B77-4CFE05E47C74}.Debug|x86.Deploy.0 = Debug|Any CPU
		{2B678EB1-FDBF-4767-9B77-4CFE05E47C74}.Release|Any CPU.ActiveCfg = Release|Any CPU
		{2B678EB1-FDBF-4767-9B77-4CFE05E47C74}.Release|Any CPU.Build.0 = Release|Any CPU
		{2B678EB1-FDBF-4767-9B77-4CFE05E47C74}.Release|Any CPU.Deploy.0 = Release|Any CPU
		{2B678EB1-FDBF-4767-9B77-4CFE05E47C74}.Release|ARM.ActiveCfg = Release|Any CPU
		{2B678EB1-FDBF-4767-9B77-4CFE05E47C74}.Release|ARM.Build.0 = Release|Any CPU
		{2B678EB1-FDBF-4767-9B77-4CFE05E47C74}.Release|ARM.Deploy.0 = Release|Any CPU
		{2B678EB1-FDBF-4767-9B77-4CFE05E47C74}.Release|ARM64.ActiveCfg = Release|Any CPU
		{2B678EB1-FDBF-4767-9B77-4CFE05E47C74}.Release|ARM64.Build.0 = Release|Any CPU
		{2B678EB1-FDBF-4767-9B77-4CFE05E47C74}.Release|ARM64.Deploy.0 = Release|Any CPU
		{2B678EB1-FDBF-4767-9B77-4CFE05E47C74}.Release|iPhone.ActiveCfg = Release|Any CPU
		{2B678EB1-FDBF-4767-9B77-4CFE05E47C74}.Release|iPhone.Build.0 = Release|Any CPU
		{2B678EB1-FDBF-4767-9B77-4CFE05E47C74}.Release|iPhone.Deploy.0 = Release|Any CPU
		{2B678EB1-FDBF-4767-9B77-4CFE05E47C74}.Release|iPhoneSimulator.ActiveCfg = Release|Any CPU
		{2B678EB1-FDBF-4767-9B77-4CFE05E47C74}.Release|iPhoneSimulator.Build.0 = Release|Any CPU
		{2B678EB1-FDBF-4767-9B77-4CFE05E47C74}.Release|iPhoneSimulator.Deploy.0 = Release|Any CPU
		{2B678EB1-FDBF-4767-9B77-4CFE05E47C74}.Release|x64.ActiveCfg = Release|Any CPU
		{2B678EB1-FDBF-4767-9B77-4CFE05E47C74}.Release|x64.Build.0 = Release|Any CPU
		{2B678EB1-FDBF-4767-9B77-4CFE05E47C74}.Release|x64.Deploy.0 = Release|Any CPU
		{2B678EB1-FDBF-4767-9B77-4CFE05E47C74}.Release|x86.ActiveCfg = Release|Any CPU
		{2B678EB1-FDBF-4767-9B77-4CFE05E47C74}.Release|x86.Build.0 = Release|Any CPU
		{2B678EB1-FDBF-4767-9B77-4CFE05E47C74}.Release|x86.Deploy.0 = Release|Any CPU
		{43BC0945-6CCE-428E-95C3-E202CEFA3453}.Ad-Hoc|Any CPU.ActiveCfg = Ad-Hoc|iPhoneSimulator
		{43BC0945-6CCE-428E-95C3-E202CEFA3453}.Ad-Hoc|ARM.ActiveCfg = Ad-Hoc|iPhoneSimulator
		{43BC0945-6CCE-428E-95C3-E202CEFA3453}.Ad-Hoc|ARM64.ActiveCfg = Ad-Hoc|iPhoneSimulator
		{43BC0945-6CCE-428E-95C3-E202CEFA3453}.Ad-Hoc|iPhone.ActiveCfg = Ad-Hoc|iPhone
		{43BC0945-6CCE-428E-95C3-E202CEFA3453}.Ad-Hoc|iPhone.Build.0 = Ad-Hoc|iPhone
		{43BC0945-6CCE-428E-95C3-E202CEFA3453}.Ad-Hoc|iPhoneSimulator.ActiveCfg = Ad-Hoc|iPhoneSimulator
		{43BC0945-6CCE-428E-95C3-E202CEFA3453}.Ad-Hoc|iPhoneSimulator.Build.0 = Ad-Hoc|iPhoneSimulator
		{43BC0945-6CCE-428E-95C3-E202CEFA3453}.Ad-Hoc|x64.ActiveCfg = Ad-Hoc|iPhoneSimulator
		{43BC0945-6CCE-428E-95C3-E202CEFA3453}.Ad-Hoc|x86.ActiveCfg = Ad-Hoc|iPhoneSimulator
		{43BC0945-6CCE-428E-95C3-E202CEFA3453}.AppStore|Any CPU.ActiveCfg = AppStore|iPhoneSimulator
		{43BC0945-6CCE-428E-95C3-E202CEFA3453}.AppStore|ARM.ActiveCfg = AppStore|iPhoneSimulator
		{43BC0945-6CCE-428E-95C3-E202CEFA3453}.AppStore|ARM64.ActiveCfg = AppStore|iPhoneSimulator
		{43BC0945-6CCE-428E-95C3-E202CEFA3453}.AppStore|iPhone.ActiveCfg = AppStore|iPhone
		{43BC0945-6CCE-428E-95C3-E202CEFA3453}.AppStore|iPhone.Build.0 = AppStore|iPhone
		{43BC0945-6CCE-428E-95C3-E202CEFA3453}.AppStore|iPhoneSimulator.ActiveCfg = AppStore|iPhoneSimulator
		{43BC0945-6CCE-428E-95C3-E202CEFA3453}.AppStore|iPhoneSimulator.Build.0 = AppStore|iPhoneSimulator
		{43BC0945-6CCE-428E-95C3-E202CEFA3453}.AppStore|x64.ActiveCfg = AppStore|iPhoneSimulator
		{43BC0945-6CCE-428E-95C3-E202CEFA3453}.AppStore|x86.ActiveCfg = AppStore|iPhoneSimulator
		{43BC0945-6CCE-428E-95C3-E202CEFA3453}.Debug|Any CPU.ActiveCfg = Debug|iPhoneSimulator
		{43BC0945-6CCE-428E-95C3-E202CEFA3453}.Debug|ARM.ActiveCfg = Debug|iPhoneSimulator
		{43BC0945-6CCE-428E-95C3-E202CEFA3453}.Debug|ARM64.ActiveCfg = Debug|iPhoneSimulator
		{43BC0945-6CCE-428E-95C3-E202CEFA3453}.Debug|iPhone.ActiveCfg = Debug|iPhone
		{43BC0945-6CCE-428E-95C3-E202CEFA3453}.Debug|iPhone.Build.0 = Debug|iPhone
		{43BC0945-6CCE-428E-95C3-E202CEFA3453}.Debug|iPhoneSimulator.ActiveCfg = Debug|iPhoneSimulator
		{43BC0945-6CCE-428E-95C3-E202CEFA3453}.Debug|iPhoneSimulator.Build.0 = Debug|iPhoneSimulator
		{43BC0945-6CCE-428E-95C3-E202CEFA3453}.Debug|x64.ActiveCfg = Debug|iPhoneSimulator
		{43BC0945-6CCE-428E-95C3-E202CEFA3453}.Debug|x86.ActiveCfg = Debug|iPhoneSimulator
		{43BC0945-6CCE-428E-95C3-E202CEFA3453}.Release|Any CPU.ActiveCfg = Release|iPhoneSimulator
		{43BC0945-6CCE-428E-95C3-E202CEFA3453}.Release|ARM.ActiveCfg = Release|iPhoneSimulator
		{43BC0945-6CCE-428E-95C3-E202CEFA3453}.Release|ARM64.ActiveCfg = Release|iPhoneSimulator
		{43BC0945-6CCE-428E-95C3-E202CEFA3453}.Release|iPhone.ActiveCfg = Release|iPhone
		{43BC0945-6CCE-428E-95C3-E202CEFA3453}.Release|iPhone.Build.0 = Release|iPhone
		{43BC0945-6CCE-428E-95C3-E202CEFA3453}.Release|iPhoneSimulator.ActiveCfg = Release|iPhoneSimulator
		{43BC0945-6CCE-428E-95C3-E202CEFA3453}.Release|iPhoneSimulator.Build.0 = Release|iPhoneSimulator
		{43BC0945-6CCE-428E-95C3-E202CEFA3453}.Release|x64.ActiveCfg = Release|iPhoneSimulator
		{43BC0945-6CCE-428E-95C3-E202CEFA3453}.Release|x86.ActiveCfg = Release|iPhoneSimulator
		{DA49FF09-65D0-4D9D-95A4-F5CF4D1D5BA3}.Ad-Hoc|Any CPU.ActiveCfg = Debug|x86
		{DA49FF09-65D0-4D9D-95A4-F5CF4D1D5BA3}.Ad-Hoc|Any CPU.Build.0 = Debug|x86
		{DA49FF09-65D0-4D9D-95A4-F5CF4D1D5BA3}.Ad-Hoc|Any CPU.Deploy.0 = Debug|x86
		{DA49FF09-65D0-4D9D-95A4-F5CF4D1D5BA3}.Ad-Hoc|ARM.ActiveCfg = Debug|ARM
		{DA49FF09-65D0-4D9D-95A4-F5CF4D1D5BA3}.Ad-Hoc|ARM.Build.0 = Debug|ARM
		{DA49FF09-65D0-4D9D-95A4-F5CF4D1D5BA3}.Ad-Hoc|ARM.Deploy.0 = Debug|ARM
		{DA49FF09-65D0-4D9D-95A4-F5CF4D1D5BA3}.Ad-Hoc|ARM64.ActiveCfg = Debug|ARM64
		{DA49FF09-65D0-4D9D-95A4-F5CF4D1D5BA3}.Ad-Hoc|ARM64.Build.0 = Debug|ARM64
		{DA49FF09-65D0-4D9D-95A4-F5CF4D1D5BA3}.Ad-Hoc|ARM64.Deploy.0 = Debug|ARM64
		{DA49FF09-65D0-4D9D-95A4-F5CF4D1D5BA3}.Ad-Hoc|iPhone.ActiveCfg = Debug|x86
		{DA49FF09-65D0-4D9D-95A4-F5CF4D1D5BA3}.Ad-Hoc|iPhone.Build.0 = Debug|x86
		{DA49FF09-65D0-4D9D-95A4-F5CF4D1D5BA3}.Ad-Hoc|iPhone.Deploy.0 = Debug|x86
		{DA49FF09-65D0-4D9D-95A4-F5CF4D1D5BA3}.Ad-Hoc|iPhoneSimulator.ActiveCfg = Debug|x86
		{DA49FF09-65D0-4D9D-95A4-F5CF4D1D5BA3}.Ad-Hoc|iPhoneSimulator.Build.0 = Debug|x86
		{DA49FF09-65D0-4D9D-95A4-F5CF4D1D5BA3}.Ad-Hoc|iPhoneSimulator.Deploy.0 = Debug|x86
		{DA49FF09-65D0-4D9D-95A4-F5CF4D1D5BA3}.Ad-Hoc|x64.ActiveCfg = Debug|x64
		{DA49FF09-65D0-4D9D-95A4-F5CF4D1D5BA3}.Ad-Hoc|x64.Build.0 = Debug|x64
		{DA49FF09-65D0-4D9D-95A4-F5CF4D1D5BA3}.Ad-Hoc|x64.Deploy.0 = Debug|x64
		{DA49FF09-65D0-4D9D-95A4-F5CF4D1D5BA3}.Ad-Hoc|x86.ActiveCfg = Debug|x86
		{DA49FF09-65D0-4D9D-95A4-F5CF4D1D5BA3}.Ad-Hoc|x86.Build.0 = Debug|x86
		{DA49FF09-65D0-4D9D-95A4-F5CF4D1D5BA3}.Ad-Hoc|x86.Deploy.0 = Debug|x86
		{DA49FF09-65D0-4D9D-95A4-F5CF4D1D5BA3}.AppStore|Any CPU.ActiveCfg = Debug|x86
		{DA49FF09-65D0-4D9D-95A4-F5CF4D1D5BA3}.AppStore|Any CPU.Build.0 = Debug|x86
		{DA49FF09-65D0-4D9D-95A4-F5CF4D1D5BA3}.AppStore|Any CPU.Deploy.0 = Debug|x86
		{DA49FF09-65D0-4D9D-95A4-F5CF4D1D5BA3}.AppStore|ARM.ActiveCfg = Debug|ARM
		{DA49FF09-65D0-4D9D-95A4-F5CF4D1D5BA3}.AppStore|ARM.Build.0 = Debug|ARM
		{DA49FF09-65D0-4D9D-95A4-F5CF4D1D5BA3}.AppStore|ARM.Deploy.0 = Debug|ARM
		{DA49FF09-65D0-4D9D-95A4-F5CF4D1D5BA3}.AppStore|ARM64.ActiveCfg = Debug|ARM64
		{DA49FF09-65D0-4D9D-95A4-F5CF4D1D5BA3}.AppStore|ARM64.Build.0 = Debug|ARM64
		{DA49FF09-65D0-4D9D-95A4-F5CF4D1D5BA3}.AppStore|ARM64.Deploy.0 = Debug|ARM64
		{DA49FF09-65D0-4D9D-95A4-F5CF4D1D5BA3}.AppStore|iPhone.ActiveCfg = Debug|x86
		{DA49FF09-65D0-4D9D-95A4-F5CF4D1D5BA3}.AppStore|iPhone.Build.0 = Debug|x86
		{DA49FF09-65D0-4D9D-95A4-F5CF4D1D5BA3}.AppStore|iPhone.Deploy.0 = Debug|x86
		{DA49FF09-65D0-4D9D-95A4-F5CF4D1D5BA3}.AppStore|iPhoneSimulator.ActiveCfg = Debug|x86
		{DA49FF09-65D0-4D9D-95A4-F5CF4D1D5BA3}.AppStore|iPhoneSimulator.Build.0 = Debug|x86
		{DA49FF09-65D0-4D9D-95A4-F5CF4D1D5BA3}.AppStore|iPhoneSimulator.Deploy.0 = Debug|x86
		{DA49FF09-65D0-4D9D-95A4-F5CF4D1D5BA3}.AppStore|x64.ActiveCfg = Debug|x64
		{DA49FF09-65D0-4D9D-95A4-F5CF4D1D5BA3}.AppStore|x64.Build.0 = Debug|x64
		{DA49FF09-65D0-4D9D-95A4-F5CF4D1D5BA3}.AppStore|x64.Deploy.0 = Debug|x64
		{DA49FF09-65D0-4D9D-95A4-F5CF4D1D5BA3}.AppStore|x86.ActiveCfg = Debug|x86
		{DA49FF09-65D0-4D9D-95A4-F5CF4D1D5BA3}.AppStore|x86.Build.0 = Debug|x86
		{DA49FF09-65D0-4D9D-95A4-F5CF4D1D5BA3}.AppStore|x86.Deploy.0 = Debug|x86
		{DA49FF09-65D0-4D9D-95A4-F5CF4D1D5BA3}.Debug|Any CPU.ActiveCfg = Debug|x86
		{DA49FF09-65D0-4D9D-95A4-F5CF4D1D5BA3}.Debug|ARM.ActiveCfg = Debug|ARM
		{DA49FF09-65D0-4D9D-95A4-F5CF4D1D5BA3}.Debug|ARM.Build.0 = Debug|ARM
		{DA49FF09-65D0-4D9D-95A4-F5CF4D1D5BA3}.Debug|ARM.Deploy.0 = Debug|ARM
		{DA49FF09-65D0-4D9D-95A4-F5CF4D1D5BA3}.Debug|ARM64.ActiveCfg = Debug|ARM64
		{DA49FF09-65D0-4D9D-95A4-F5CF4D1D5BA3}.Debug|ARM64.Build.0 = Debug|ARM64
		{DA49FF09-65D0-4D9D-95A4-F5CF4D1D5BA3}.Debug|ARM64.Deploy.0 = Debug|ARM64
		{DA49FF09-65D0-4D9D-95A4-F5CF4D1D5BA3}.Debug|iPhone.ActiveCfg = Debug|x86
		{DA49FF09-65D0-4D9D-95A4-F5CF4D1D5BA3}.Debug|iPhoneSimulator.ActiveCfg = Debug|x86
		{DA49FF09-65D0-4D9D-95A4-F5CF4D1D5BA3}.Debug|x64.ActiveCfg = Debug|x64
		{DA49FF09-65D0-4D9D-95A4-F5CF4D1D5BA3}.Debug|x64.Build.0 = Debug|x64
		{DA49FF09-65D0-4D9D-95A4-F5CF4D1D5BA3}.Debug|x64.Deploy.0 = Debug|x64
		{DA49FF09-65D0-4D9D-95A4-F5CF4D1D5BA3}.Debug|x86.ActiveCfg = Debug|x86
		{DA49FF09-65D0-4D9D-95A4-F5CF4D1D5BA3}.Debug|x86.Build.0 = Debug|x86
		{DA49FF09-65D0-4D9D-95A4-F5CF4D1D5BA3}.Debug|x86.Deploy.0 = Debug|x86
		{DA49FF09-65D0-4D9D-95A4-F5CF4D1D5BA3}.Release|Any CPU.ActiveCfg = Release|x86
		{DA49FF09-65D0-4D9D-95A4-F5CF4D1D5BA3}.Release|ARM.ActiveCfg = Release|ARM
		{DA49FF09-65D0-4D9D-95A4-F5CF4D1D5BA3}.Release|ARM.Build.0 = Release|ARM
		{DA49FF09-65D0-4D9D-95A4-F5CF4D1D5BA3}.Release|ARM.Deploy.0 = Release|ARM
		{DA49FF09-65D0-4D9D-95A4-F5CF4D1D5BA3}.Release|ARM64.ActiveCfg = Release|ARM64
		{DA49FF09-65D0-4D9D-95A4-F5CF4D1D5BA3}.Release|ARM64.Build.0 = Release|ARM64
		{DA49FF09-65D0-4D9D-95A4-F5CF4D1D5BA3}.Release|ARM64.Deploy.0 = Release|ARM64
		{DA49FF09-65D0-4D9D-95A4-F5CF4D1D5BA3}.Release|iPhone.ActiveCfg = Release|x86
		{DA49FF09-65D0-4D9D-95A4-F5CF4D1D5BA3}.Release|iPhoneSimulator.ActiveCfg = Release|x86
		{DA49FF09-65D0-4D9D-95A4-F5CF4D1D5BA3}.Release|x64.ActiveCfg = Release|x64
		{DA49FF09-65D0-4D9D-95A4-F5CF4D1D5BA3}.Release|x64.Build.0 = Release|x64
		{DA49FF09-65D0-4D9D-95A4-F5CF4D1D5BA3}.Release|x64.Deploy.0 = Release|x64
		{DA49FF09-65D0-4D9D-95A4-F5CF4D1D5BA3}.Release|x86.ActiveCfg = Release|x86
		{DA49FF09-65D0-4D9D-95A4-F5CF4D1D5BA3}.Release|x86.Build.0 = Release|x86
		{DA49FF09-65D0-4D9D-95A4-F5CF4D1D5BA3}.Release|x86.Deploy.0 = Release|x86
		{6DF8F7FF-3692-49D9-BFE6-3247904091C8}.Ad-Hoc|Any CPU.ActiveCfg = Debug|Any CPU
		{6DF8F7FF-3692-49D9-BFE6-3247904091C8}.Ad-Hoc|Any CPU.Build.0 = Debug|Any CPU
		{6DF8F7FF-3692-49D9-BFE6-3247904091C8}.Ad-Hoc|ARM.ActiveCfg = Debug|Any CPU
		{6DF8F7FF-3692-49D9-BFE6-3247904091C8}.Ad-Hoc|ARM.Build.0 = Debug|Any CPU
		{6DF8F7FF-3692-49D9-BFE6-3247904091C8}.Ad-Hoc|ARM64.ActiveCfg = Debug|Any CPU
		{6DF8F7FF-3692-49D9-BFE6-3247904091C8}.Ad-Hoc|ARM64.Build.0 = Debug|Any CPU
		{6DF8F7FF-3692-49D9-BFE6-3247904091C8}.Ad-Hoc|iPhone.ActiveCfg = Debug|Any CPU
		{6DF8F7FF-3692-49D9-BFE6-3247904091C8}.Ad-Hoc|iPhone.Build.0 = Debug|Any CPU
		{6DF8F7FF-3692-49D9-BFE6-3247904091C8}.Ad-Hoc|iPhoneSimulator.ActiveCfg = Debug|Any CPU
		{6DF8F7FF-3692-49D9-BFE6-3247904091C8}.Ad-Hoc|iPhoneSimulator.Build.0 = Debug|Any CPU
		{6DF8F7FF-3692-49D9-BFE6-3247904091C8}.Ad-Hoc|x64.ActiveCfg = Debug|Any CPU
		{6DF8F7FF-3692-49D9-BFE6-3247904091C8}.Ad-Hoc|x64.Build.0 = Debug|Any CPU
		{6DF8F7FF-3692-49D9-BFE6-3247904091C8}.Ad-Hoc|x86.ActiveCfg = Debug|Any CPU
		{6DF8F7FF-3692-49D9-BFE6-3247904091C8}.Ad-Hoc|x86.Build.0 = Debug|Any CPU
		{6DF8F7FF-3692-49D9-BFE6-3247904091C8}.AppStore|Any CPU.ActiveCfg = Debug|Any CPU
		{6DF8F7FF-3692-49D9-BFE6-3247904091C8}.AppStore|Any CPU.Build.0 = Debug|Any CPU
		{6DF8F7FF-3692-49D9-BFE6-3247904091C8}.AppStore|ARM.ActiveCfg = Debug|Any CPU
		{6DF8F7FF-3692-49D9-BFE6-3247904091C8}.AppStore|ARM.Build.0 = Debug|Any CPU
		{6DF8F7FF-3692-49D9-BFE6-3247904091C8}.AppStore|ARM64.ActiveCfg = Debug|Any CPU
		{6DF8F7FF-3692-49D9-BFE6-3247904091C8}.AppStore|ARM64.Build.0 = Debug|Any CPU
		{6DF8F7FF-3692-49D9-BFE6-3247904091C8}.AppStore|iPhone.ActiveCfg = Debug|Any CPU
		{6DF8F7FF-3692-49D9-BFE6-3247904091C8}.AppStore|iPhone.Build.0 = Debug|Any CPU
		{6DF8F7FF-3692-49D9-BFE6-3247904091C8}.AppStore|iPhoneSimulator.ActiveCfg = Debug|Any CPU
		{6DF8F7FF-3692-49D9-BFE6-3247904091C8}.AppStore|iPhoneSimulator.Build.0 = Debug|Any CPU
		{6DF8F7FF-3692-49D9-BFE6-3247904091C8}.AppStore|x64.ActiveCfg = Debug|Any CPU
		{6DF8F7FF-3692-49D9-BFE6-3247904091C8}.AppStore|x64.Build.0 = Debug|Any CPU
		{6DF8F7FF-3692-49D9-BFE6-3247904091C8}.AppStore|x86.ActiveCfg = Debug|Any CPU
		{6DF8F7FF-3692-49D9-BFE6-3247904091C8}.AppStore|x86.Build.0 = Debug|Any CPU
		{6DF8F7FF-3692-49D9-BFE6-3247904091C8}.Debug|Any CPU.ActiveCfg = Debug|Any CPU
		{6DF8F7FF-3692-49D9-BFE6-3247904091C8}.Debug|Any CPU.Build.0 = Debug|Any CPU
		{6DF8F7FF-3692-49D9-BFE6-3247904091C8}.Debug|ARM.ActiveCfg = Debug|Any CPU
		{6DF8F7FF-3692-49D9-BFE6-3247904091C8}.Debug|ARM.Build.0 = Debug|Any CPU
		{6DF8F7FF-3692-49D9-BFE6-3247904091C8}.Debug|ARM64.ActiveCfg = Debug|Any CPU
		{6DF8F7FF-3692-49D9-BFE6-3247904091C8}.Debug|ARM64.Build.0 = Debug|Any CPU
		{6DF8F7FF-3692-49D9-BFE6-3247904091C8}.Debug|iPhone.ActiveCfg = Debug|Any CPU
		{6DF8F7FF-3692-49D9-BFE6-3247904091C8}.Debug|iPhone.Build.0 = Debug|Any CPU
		{6DF8F7FF-3692-49D9-BFE6-3247904091C8}.Debug|iPhoneSimulator.ActiveCfg = Debug|Any CPU
		{6DF8F7FF-3692-49D9-BFE6-3247904091C8}.Debug|iPhoneSimulator.Build.0 = Debug|Any CPU
		{6DF8F7FF-3692-49D9-BFE6-3247904091C8}.Debug|x64.ActiveCfg = Debug|Any CPU
		{6DF8F7FF-3692-49D9-BFE6-3247904091C8}.Debug|x64.Build.0 = Debug|Any CPU
		{6DF8F7FF-3692-49D9-BFE6-3247904091C8}.Debug|x86.ActiveCfg = Debug|Any CPU
		{6DF8F7FF-3692-49D9-BFE6-3247904091C8}.Debug|x86.Build.0 = Debug|Any CPU
		{6DF8F7FF-3692-49D9-BFE6-3247904091C8}.Release|Any CPU.ActiveCfg = Release|Any CPU
		{6DF8F7FF-3692-49D9-BFE6-3247904091C8}.Release|Any CPU.Build.0 = Release|Any CPU
		{6DF8F7FF-3692-49D9-BFE6-3247904091C8}.Release|ARM.ActiveCfg = Release|Any CPU
		{6DF8F7FF-3692-49D9-BFE6-3247904091C8}.Release|ARM.Build.0 = Release|Any CPU
		{6DF8F7FF-3692-49D9-BFE6-3247904091C8}.Release|ARM64.ActiveCfg = Release|Any CPU
		{6DF8F7FF-3692-49D9-BFE6-3247904091C8}.Release|ARM64.Build.0 = Release|Any CPU
		{6DF8F7FF-3692-49D9-BFE6-3247904091C8}.Release|iPhone.ActiveCfg = Release|Any CPU
		{6DF8F7FF-3692-49D9-BFE6-3247904091C8}.Release|iPhone.Build.0 = Release|Any CPU
		{6DF8F7FF-3692-49D9-BFE6-3247904091C8}.Release|iPhoneSimulator.ActiveCfg = Release|Any CPU
		{6DF8F7FF-3692-49D9-BFE6-3247904091C8}.Release|iPhoneSimulator.Build.0 = Release|Any CPU
		{6DF8F7FF-3692-49D9-BFE6-3247904091C8}.Release|x64.ActiveCfg = Release|Any CPU
		{6DF8F7FF-3692-49D9-BFE6-3247904091C8}.Release|x64.Build.0 = Release|Any CPU
		{6DF8F7FF-3692-49D9-BFE6-3247904091C8}.Release|x86.ActiveCfg = Release|Any CPU
		{6DF8F7FF-3692-49D9-BFE6-3247904091C8}.Release|x86.Build.0 = Release|Any CPU
		{2F4B9285-6498-4EAB-AD28-933F8BF88BAF}.Ad-Hoc|Any CPU.ActiveCfg = Debug|iPhoneSimulator
		{2F4B9285-6498-4EAB-AD28-933F8BF88BAF}.Ad-Hoc|Any CPU.Build.0 = Debug|iPhoneSimulator
		{2F4B9285-6498-4EAB-AD28-933F8BF88BAF}.Ad-Hoc|ARM.ActiveCfg = Debug|iPhoneSimulator
		{2F4B9285-6498-4EAB-AD28-933F8BF88BAF}.Ad-Hoc|ARM.Build.0 = Debug|iPhoneSimulator
		{2F4B9285-6498-4EAB-AD28-933F8BF88BAF}.Ad-Hoc|ARM64.ActiveCfg = Debug|iPhoneSimulator
		{2F4B9285-6498-4EAB-AD28-933F8BF88BAF}.Ad-Hoc|ARM64.Build.0 = Debug|iPhoneSimulator
		{2F4B9285-6498-4EAB-AD28-933F8BF88BAF}.Ad-Hoc|iPhone.ActiveCfg = Debug|iPhoneSimulator
		{2F4B9285-6498-4EAB-AD28-933F8BF88BAF}.Ad-Hoc|iPhone.Build.0 = Debug|iPhoneSimulator
		{2F4B9285-6498-4EAB-AD28-933F8BF88BAF}.Ad-Hoc|iPhoneSimulator.ActiveCfg = Debug|iPhoneSimulator
		{2F4B9285-6498-4EAB-AD28-933F8BF88BAF}.Ad-Hoc|iPhoneSimulator.Build.0 = Debug|iPhoneSimulator
		{2F4B9285-6498-4EAB-AD28-933F8BF88BAF}.Ad-Hoc|x64.ActiveCfg = Debug|iPhoneSimulator
		{2F4B9285-6498-4EAB-AD28-933F8BF88BAF}.Ad-Hoc|x64.Build.0 = Debug|iPhoneSimulator
		{2F4B9285-6498-4EAB-AD28-933F8BF88BAF}.Ad-Hoc|x86.ActiveCfg = Debug|iPhoneSimulator
		{2F4B9285-6498-4EAB-AD28-933F8BF88BAF}.Ad-Hoc|x86.Build.0 = Debug|iPhoneSimulator
		{2F4B9285-6498-4EAB-AD28-933F8BF88BAF}.AppStore|Any CPU.ActiveCfg = Debug|iPhoneSimulator
		{2F4B9285-6498-4EAB-AD28-933F8BF88BAF}.AppStore|Any CPU.Build.0 = Debug|iPhoneSimulator
		{2F4B9285-6498-4EAB-AD28-933F8BF88BAF}.AppStore|ARM.ActiveCfg = Debug|iPhoneSimulator
		{2F4B9285-6498-4EAB-AD28-933F8BF88BAF}.AppStore|ARM.Build.0 = Debug|iPhoneSimulator
		{2F4B9285-6498-4EAB-AD28-933F8BF88BAF}.AppStore|ARM64.ActiveCfg = Debug|iPhoneSimulator
		{2F4B9285-6498-4EAB-AD28-933F8BF88BAF}.AppStore|ARM64.Build.0 = Debug|iPhoneSimulator
		{2F4B9285-6498-4EAB-AD28-933F8BF88BAF}.AppStore|iPhone.ActiveCfg = Debug|iPhoneSimulator
		{2F4B9285-6498-4EAB-AD28-933F8BF88BAF}.AppStore|iPhone.Build.0 = Debug|iPhoneSimulator
		{2F4B9285-6498-4EAB-AD28-933F8BF88BAF}.AppStore|iPhoneSimulator.ActiveCfg = Debug|iPhoneSimulator
		{2F4B9285-6498-4EAB-AD28-933F8BF88BAF}.AppStore|iPhoneSimulator.Build.0 = Debug|iPhoneSimulator
		{2F4B9285-6498-4EAB-AD28-933F8BF88BAF}.AppStore|x64.ActiveCfg = Debug|iPhoneSimulator
		{2F4B9285-6498-4EAB-AD28-933F8BF88BAF}.AppStore|x64.Build.0 = Debug|iPhoneSimulator
		{2F4B9285-6498-4EAB-AD28-933F8BF88BAF}.AppStore|x86.ActiveCfg = Debug|iPhoneSimulator
		{2F4B9285-6498-4EAB-AD28-933F8BF88BAF}.AppStore|x86.Build.0 = Debug|iPhoneSimulator
		{2F4B9285-6498-4EAB-AD28-933F8BF88BAF}.Debug|Any CPU.ActiveCfg = Debug|iPhoneSimulator
		{2F4B9285-6498-4EAB-AD28-933F8BF88BAF}.Debug|ARM.ActiveCfg = Debug|iPhoneSimulator
		{2F4B9285-6498-4EAB-AD28-933F8BF88BAF}.Debug|ARM64.ActiveCfg = Debug|iPhoneSimulator
		{2F4B9285-6498-4EAB-AD28-933F8BF88BAF}.Debug|iPhone.ActiveCfg = Debug|iPhoneSimulator
		{2F4B9285-6498-4EAB-AD28-933F8BF88BAF}.Debug|iPhoneSimulator.ActiveCfg = Debug|iPhoneSimulator
		{2F4B9285-6498-4EAB-AD28-933F8BF88BAF}.Debug|iPhoneSimulator.Build.0 = Debug|iPhoneSimulator
		{2F4B9285-6498-4EAB-AD28-933F8BF88BAF}.Debug|x64.ActiveCfg = Debug|iPhoneSimulator
		{2F4B9285-6498-4EAB-AD28-933F8BF88BAF}.Debug|x86.ActiveCfg = Debug|iPhoneSimulator
		{2F4B9285-6498-4EAB-AD28-933F8BF88BAF}.Release|Any CPU.ActiveCfg = Release|iPhoneSimulator
		{2F4B9285-6498-4EAB-AD28-933F8BF88BAF}.Release|ARM.ActiveCfg = Release|iPhoneSimulator
		{2F4B9285-6498-4EAB-AD28-933F8BF88BAF}.Release|ARM64.ActiveCfg = Release|iPhoneSimulator
		{2F4B9285-6498-4EAB-AD28-933F8BF88BAF}.Release|iPhone.ActiveCfg = Release|iPhoneSimulator
		{2F4B9285-6498-4EAB-AD28-933F8BF88BAF}.Release|iPhoneSimulator.ActiveCfg = Release|iPhoneSimulator
		{2F4B9285-6498-4EAB-AD28-933F8BF88BAF}.Release|iPhoneSimulator.Build.0 = Release|iPhoneSimulator
		{2F4B9285-6498-4EAB-AD28-933F8BF88BAF}.Release|x64.ActiveCfg = Release|iPhoneSimulator
		{2F4B9285-6498-4EAB-AD28-933F8BF88BAF}.Release|x86.ActiveCfg = Release|iPhoneSimulator
		{420EFE54-B3F3-471A-B2A4-DC642F3A7E94}.Ad-Hoc|Any CPU.ActiveCfg = Debug|Any CPU
		{420EFE54-B3F3-471A-B2A4-DC642F3A7E94}.Ad-Hoc|Any CPU.Build.0 = Debug|Any CPU
		{420EFE54-B3F3-471A-B2A4-DC642F3A7E94}.Ad-Hoc|ARM.ActiveCfg = Debug|Any CPU
		{420EFE54-B3F3-471A-B2A4-DC642F3A7E94}.Ad-Hoc|ARM.Build.0 = Debug|Any CPU
		{420EFE54-B3F3-471A-B2A4-DC642F3A7E94}.Ad-Hoc|ARM64.ActiveCfg = Debug|Any CPU
		{420EFE54-B3F3-471A-B2A4-DC642F3A7E94}.Ad-Hoc|ARM64.Build.0 = Debug|Any CPU
		{420EFE54-B3F3-471A-B2A4-DC642F3A7E94}.Ad-Hoc|iPhone.ActiveCfg = Debug|Any CPU
		{420EFE54-B3F3-471A-B2A4-DC642F3A7E94}.Ad-Hoc|iPhone.Build.0 = Debug|Any CPU
		{420EFE54-B3F3-471A-B2A4-DC642F3A7E94}.Ad-Hoc|iPhoneSimulator.ActiveCfg = Debug|Any CPU
		{420EFE54-B3F3-471A-B2A4-DC642F3A7E94}.Ad-Hoc|iPhoneSimulator.Build.0 = Debug|Any CPU
		{420EFE54-B3F3-471A-B2A4-DC642F3A7E94}.Ad-Hoc|x64.ActiveCfg = Debug|Any CPU
		{420EFE54-B3F3-471A-B2A4-DC642F3A7E94}.Ad-Hoc|x64.Build.0 = Debug|Any CPU
		{420EFE54-B3F3-471A-B2A4-DC642F3A7E94}.Ad-Hoc|x86.ActiveCfg = Debug|Any CPU
		{420EFE54-B3F3-471A-B2A4-DC642F3A7E94}.Ad-Hoc|x86.Build.0 = Debug|Any CPU
		{420EFE54-B3F3-471A-B2A4-DC642F3A7E94}.AppStore|Any CPU.ActiveCfg = Debug|Any CPU
		{420EFE54-B3F3-471A-B2A4-DC642F3A7E94}.AppStore|Any CPU.Build.0 = Debug|Any CPU
		{420EFE54-B3F3-471A-B2A4-DC642F3A7E94}.AppStore|ARM.ActiveCfg = Debug|Any CPU
		{420EFE54-B3F3-471A-B2A4-DC642F3A7E94}.AppStore|ARM.Build.0 = Debug|Any CPU
		{420EFE54-B3F3-471A-B2A4-DC642F3A7E94}.AppStore|ARM64.ActiveCfg = Debug|Any CPU
		{420EFE54-B3F3-471A-B2A4-DC642F3A7E94}.AppStore|ARM64.Build.0 = Debug|Any CPU
		{420EFE54-B3F3-471A-B2A4-DC642F3A7E94}.AppStore|iPhone.ActiveCfg = Debug|Any CPU
		{420EFE54-B3F3-471A-B2A4-DC642F3A7E94}.AppStore|iPhone.Build.0 = Debug|Any CPU
		{420EFE54-B3F3-471A-B2A4-DC642F3A7E94}.AppStore|iPhoneSimulator.ActiveCfg = Debug|Any CPU
		{420EFE54-B3F3-471A-B2A4-DC642F3A7E94}.AppStore|iPhoneSimulator.Build.0 = Debug|Any CPU
		{420EFE54-B3F3-471A-B2A4-DC642F3A7E94}.AppStore|x64.ActiveCfg = Debug|Any CPU
		{420EFE54-B3F3-471A-B2A4-DC642F3A7E94}.AppStore|x64.Build.0 = Debug|Any CPU
		{420EFE54-B3F3-471A-B2A4-DC642F3A7E94}.AppStore|x86.ActiveCfg = Debug|Any CPU
		{420EFE54-B3F3-471A-B2A4-DC642F3A7E94}.AppStore|x86.Build.0 = Debug|Any CPU
		{420EFE54-B3F3-471A-B2A4-DC642F3A7E94}.Debug|Any CPU.ActiveCfg = Debug|Any CPU
		{420EFE54-B3F3-471A-B2A4-DC642F3A7E94}.Debug|Any CPU.Build.0 = Debug|Any CPU
		{420EFE54-B3F3-471A-B2A4-DC642F3A7E94}.Debug|ARM.ActiveCfg = Debug|Any CPU
		{420EFE54-B3F3-471A-B2A4-DC642F3A7E94}.Debug|ARM.Build.0 = Debug|Any CPU
		{420EFE54-B3F3-471A-B2A4-DC642F3A7E94}.Debug|ARM64.ActiveCfg = Debug|Any CPU
		{420EFE54-B3F3-471A-B2A4-DC642F3A7E94}.Debug|ARM64.Build.0 = Debug|Any CPU
		{420EFE54-B3F3-471A-B2A4-DC642F3A7E94}.Debug|iPhone.ActiveCfg = Debug|Any CPU
		{420EFE54-B3F3-471A-B2A4-DC642F3A7E94}.Debug|iPhone.Build.0 = Debug|Any CPU
		{420EFE54-B3F3-471A-B2A4-DC642F3A7E94}.Debug|iPhoneSimulator.ActiveCfg = Debug|Any CPU
		{420EFE54-B3F3-471A-B2A4-DC642F3A7E94}.Debug|iPhoneSimulator.Build.0 = Debug|Any CPU
		{420EFE54-B3F3-471A-B2A4-DC642F3A7E94}.Debug|x64.ActiveCfg = Debug|Any CPU
		{420EFE54-B3F3-471A-B2A4-DC642F3A7E94}.Debug|x64.Build.0 = Debug|Any CPU
		{420EFE54-B3F3-471A-B2A4-DC642F3A7E94}.Debug|x86.ActiveCfg = Debug|Any CPU
		{420EFE54-B3F3-471A-B2A4-DC642F3A7E94}.Debug|x86.Build.0 = Debug|Any CPU
		{420EFE54-B3F3-471A-B2A4-DC642F3A7E94}.Release|Any CPU.ActiveCfg = Release|Any CPU
		{420EFE54-B3F3-471A-B2A4-DC642F3A7E94}.Release|Any CPU.Build.0 = Release|Any CPU
		{420EFE54-B3F3-471A-B2A4-DC642F3A7E94}.Release|ARM.ActiveCfg = Release|Any CPU
		{420EFE54-B3F3-471A-B2A4-DC642F3A7E94}.Release|ARM.Build.0 = Release|Any CPU
		{420EFE54-B3F3-471A-B2A4-DC642F3A7E94}.Release|ARM64.ActiveCfg = Release|Any CPU
		{420EFE54-B3F3-471A-B2A4-DC642F3A7E94}.Release|ARM64.Build.0 = Release|Any CPU
		{420EFE54-B3F3-471A-B2A4-DC642F3A7E94}.Release|iPhone.ActiveCfg = Release|Any CPU
		{420EFE54-B3F3-471A-B2A4-DC642F3A7E94}.Release|iPhone.Build.0 = Release|Any CPU
		{420EFE54-B3F3-471A-B2A4-DC642F3A7E94}.Release|iPhoneSimulator.ActiveCfg = Release|Any CPU
		{420EFE54-B3F3-471A-B2A4-DC642F3A7E94}.Release|iPhoneSimulator.Build.0 = Release|Any CPU
		{420EFE54-B3F3-471A-B2A4-DC642F3A7E94}.Release|x64.ActiveCfg = Release|Any CPU
		{420EFE54-B3F3-471A-B2A4-DC642F3A7E94}.Release|x64.Build.0 = Release|Any CPU
		{420EFE54-B3F3-471A-B2A4-DC642F3A7E94}.Release|x86.ActiveCfg = Release|Any CPU
		{420EFE54-B3F3-471A-B2A4-DC642F3A7E94}.Release|x86.Build.0 = Release|Any CPU
		{D095EC14-1DA1-4092-A7A2-20EA5D3B786A}.Ad-Hoc|Any CPU.ActiveCfg = Debug|Any CPU
		{D095EC14-1DA1-4092-A7A2-20EA5D3B786A}.Ad-Hoc|Any CPU.Build.0 = Debug|Any CPU
		{D095EC14-1DA1-4092-A7A2-20EA5D3B786A}.Ad-Hoc|ARM.ActiveCfg = Debug|Any CPU
		{D095EC14-1DA1-4092-A7A2-20EA5D3B786A}.Ad-Hoc|ARM.Build.0 = Debug|Any CPU
		{D095EC14-1DA1-4092-A7A2-20EA5D3B786A}.Ad-Hoc|ARM64.ActiveCfg = Debug|Any CPU
		{D095EC14-1DA1-4092-A7A2-20EA5D3B786A}.Ad-Hoc|ARM64.Build.0 = Debug|Any CPU
		{D095EC14-1DA1-4092-A7A2-20EA5D3B786A}.Ad-Hoc|iPhone.ActiveCfg = Debug|Any CPU
		{D095EC14-1DA1-4092-A7A2-20EA5D3B786A}.Ad-Hoc|iPhone.Build.0 = Debug|Any CPU
		{D095EC14-1DA1-4092-A7A2-20EA5D3B786A}.Ad-Hoc|iPhoneSimulator.ActiveCfg = Debug|Any CPU
		{D095EC14-1DA1-4092-A7A2-20EA5D3B786A}.Ad-Hoc|iPhoneSimulator.Build.0 = Debug|Any CPU
		{D095EC14-1DA1-4092-A7A2-20EA5D3B786A}.Ad-Hoc|x64.ActiveCfg = Debug|Any CPU
		{D095EC14-1DA1-4092-A7A2-20EA5D3B786A}.Ad-Hoc|x64.Build.0 = Debug|Any CPU
		{D095EC14-1DA1-4092-A7A2-20EA5D3B786A}.Ad-Hoc|x86.ActiveCfg = Debug|Any CPU
		{D095EC14-1DA1-4092-A7A2-20EA5D3B786A}.Ad-Hoc|x86.Build.0 = Debug|Any CPU
		{D095EC14-1DA1-4092-A7A2-20EA5D3B786A}.AppStore|Any CPU.ActiveCfg = Debug|Any CPU
		{D095EC14-1DA1-4092-A7A2-20EA5D3B786A}.AppStore|Any CPU.Build.0 = Debug|Any CPU
		{D095EC14-1DA1-4092-A7A2-20EA5D3B786A}.AppStore|ARM.ActiveCfg = Debug|Any CPU
		{D095EC14-1DA1-4092-A7A2-20EA5D3B786A}.AppStore|ARM.Build.0 = Debug|Any CPU
		{D095EC14-1DA1-4092-A7A2-20EA5D3B786A}.AppStore|ARM64.ActiveCfg = Debug|Any CPU
		{D095EC14-1DA1-4092-A7A2-20EA5D3B786A}.AppStore|ARM64.Build.0 = Debug|Any CPU
		{D095EC14-1DA1-4092-A7A2-20EA5D3B786A}.AppStore|iPhone.ActiveCfg = Debug|Any CPU
		{D095EC14-1DA1-4092-A7A2-20EA5D3B786A}.AppStore|iPhone.Build.0 = Debug|Any CPU
		{D095EC14-1DA1-4092-A7A2-20EA5D3B786A}.AppStore|iPhoneSimulator.ActiveCfg = Debug|Any CPU
		{D095EC14-1DA1-4092-A7A2-20EA5D3B786A}.AppStore|iPhoneSimulator.Build.0 = Debug|Any CPU
		{D095EC14-1DA1-4092-A7A2-20EA5D3B786A}.AppStore|x64.ActiveCfg = Debug|Any CPU
		{D095EC14-1DA1-4092-A7A2-20EA5D3B786A}.AppStore|x64.Build.0 = Debug|Any CPU
		{D095EC14-1DA1-4092-A7A2-20EA5D3B786A}.AppStore|x86.ActiveCfg = Debug|Any CPU
		{D095EC14-1DA1-4092-A7A2-20EA5D3B786A}.AppStore|x86.Build.0 = Debug|Any CPU
		{D095EC14-1DA1-4092-A7A2-20EA5D3B786A}.Debug|Any CPU.ActiveCfg = Debug|Any CPU
		{D095EC14-1DA1-4092-A7A2-20EA5D3B786A}.Debug|Any CPU.Build.0 = Debug|Any CPU
		{D095EC14-1DA1-4092-A7A2-20EA5D3B786A}.Debug|ARM.ActiveCfg = Debug|Any CPU
		{D095EC14-1DA1-4092-A7A2-20EA5D3B786A}.Debug|ARM.Build.0 = Debug|Any CPU
		{D095EC14-1DA1-4092-A7A2-20EA5D3B786A}.Debug|ARM64.ActiveCfg = Debug|Any CPU
		{D095EC14-1DA1-4092-A7A2-20EA5D3B786A}.Debug|ARM64.Build.0 = Debug|Any CPU
		{D095EC14-1DA1-4092-A7A2-20EA5D3B786A}.Debug|iPhone.ActiveCfg = Debug|Any CPU
		{D095EC14-1DA1-4092-A7A2-20EA5D3B786A}.Debug|iPhone.Build.0 = Debug|Any CPU
		{D095EC14-1DA1-4092-A7A2-20EA5D3B786A}.Debug|iPhoneSimulator.ActiveCfg = Debug|Any CPU
		{D095EC14-1DA1-4092-A7A2-20EA5D3B786A}.Debug|iPhoneSimulator.Build.0 = Debug|Any CPU
		{D095EC14-1DA1-4092-A7A2-20EA5D3B786A}.Debug|x64.ActiveCfg = Debug|Any CPU
		{D095EC14-1DA1-4092-A7A2-20EA5D3B786A}.Debug|x64.Build.0 = Debug|Any CPU
		{D095EC14-1DA1-4092-A7A2-20EA5D3B786A}.Debug|x86.ActiveCfg = Debug|Any CPU
		{D095EC14-1DA1-4092-A7A2-20EA5D3B786A}.Debug|x86.Build.0 = Debug|Any CPU
		{D095EC14-1DA1-4092-A7A2-20EA5D3B786A}.Release|Any CPU.ActiveCfg = Release|Any CPU
		{D095EC14-1DA1-4092-A7A2-20EA5D3B786A}.Release|Any CPU.Build.0 = Release|Any CPU
		{D095EC14-1DA1-4092-A7A2-20EA5D3B786A}.Release|ARM.ActiveCfg = Release|Any CPU
		{D095EC14-1DA1-4092-A7A2-20EA5D3B786A}.Release|ARM.Build.0 = Release|Any CPU
		{D095EC14-1DA1-4092-A7A2-20EA5D3B786A}.Release|ARM64.ActiveCfg = Release|Any CPU
		{D095EC14-1DA1-4092-A7A2-20EA5D3B786A}.Release|ARM64.Build.0 = Release|Any CPU
		{D095EC14-1DA1-4092-A7A2-20EA5D3B786A}.Release|iPhone.ActiveCfg = Release|Any CPU
		{D095EC14-1DA1-4092-A7A2-20EA5D3B786A}.Release|iPhone.Build.0 = Release|Any CPU
		{D095EC14-1DA1-4092-A7A2-20EA5D3B786A}.Release|iPhoneSimulator.ActiveCfg = Release|Any CPU
		{D095EC14-1DA1-4092-A7A2-20EA5D3B786A}.Release|iPhoneSimulator.Build.0 = Release|Any CPU
		{D095EC14-1DA1-4092-A7A2-20EA5D3B786A}.Release|x64.ActiveCfg = Release|Any CPU
		{D095EC14-1DA1-4092-A7A2-20EA5D3B786A}.Release|x64.Build.0 = Release|Any CPU
		{D095EC14-1DA1-4092-A7A2-20EA5D3B786A}.Release|x86.ActiveCfg = Release|Any CPU
		{D095EC14-1DA1-4092-A7A2-20EA5D3B786A}.Release|x86.Build.0 = Release|Any CPU
		{625CEF6C-1D93-4409-814E-7FE84B75F980}.Ad-Hoc|Any CPU.ActiveCfg = Debug|Any CPU
		{625CEF6C-1D93-4409-814E-7FE84B75F980}.Ad-Hoc|Any CPU.Build.0 = Debug|Any CPU
		{625CEF6C-1D93-4409-814E-7FE84B75F980}.Ad-Hoc|ARM.ActiveCfg = Debug|Any CPU
		{625CEF6C-1D93-4409-814E-7FE84B75F980}.Ad-Hoc|ARM.Build.0 = Debug|Any CPU
		{625CEF6C-1D93-4409-814E-7FE84B75F980}.Ad-Hoc|ARM64.ActiveCfg = Debug|Any CPU
		{625CEF6C-1D93-4409-814E-7FE84B75F980}.Ad-Hoc|ARM64.Build.0 = Debug|Any CPU
		{625CEF6C-1D93-4409-814E-7FE84B75F980}.Ad-Hoc|iPhone.ActiveCfg = Debug|Any CPU
		{625CEF6C-1D93-4409-814E-7FE84B75F980}.Ad-Hoc|iPhone.Build.0 = Debug|Any CPU
		{625CEF6C-1D93-4409-814E-7FE84B75F980}.Ad-Hoc|iPhoneSimulator.ActiveCfg = Debug|Any CPU
		{625CEF6C-1D93-4409-814E-7FE84B75F980}.Ad-Hoc|iPhoneSimulator.Build.0 = Debug|Any CPU
		{625CEF6C-1D93-4409-814E-7FE84B75F980}.Ad-Hoc|x64.ActiveCfg = Debug|Any CPU
		{625CEF6C-1D93-4409-814E-7FE84B75F980}.Ad-Hoc|x64.Build.0 = Debug|Any CPU
		{625CEF6C-1D93-4409-814E-7FE84B75F980}.Ad-Hoc|x86.ActiveCfg = Debug|Any CPU
		{625CEF6C-1D93-4409-814E-7FE84B75F980}.Ad-Hoc|x86.Build.0 = Debug|Any CPU
		{625CEF6C-1D93-4409-814E-7FE84B75F980}.AppStore|Any CPU.ActiveCfg = Debug|Any CPU
		{625CEF6C-1D93-4409-814E-7FE84B75F980}.AppStore|Any CPU.Build.0 = Debug|Any CPU
		{625CEF6C-1D93-4409-814E-7FE84B75F980}.AppStore|ARM.ActiveCfg = Debug|Any CPU
		{625CEF6C-1D93-4409-814E-7FE84B75F980}.AppStore|ARM.Build.0 = Debug|Any CPU
		{625CEF6C-1D93-4409-814E-7FE84B75F980}.AppStore|ARM64.ActiveCfg = Debug|Any CPU
		{625CEF6C-1D93-4409-814E-7FE84B75F980}.AppStore|ARM64.Build.0 = Debug|Any CPU
		{625CEF6C-1D93-4409-814E-7FE84B75F980}.AppStore|iPhone.ActiveCfg = Debug|Any CPU
		{625CEF6C-1D93-4409-814E-7FE84B75F980}.AppStore|iPhone.Build.0 = Debug|Any CPU
		{625CEF6C-1D93-4409-814E-7FE84B75F980}.AppStore|iPhoneSimulator.ActiveCfg = Debug|Any CPU
		{625CEF6C-1D93-4409-814E-7FE84B75F980}.AppStore|iPhoneSimulator.Build.0 = Debug|Any CPU
		{625CEF6C-1D93-4409-814E-7FE84B75F980}.AppStore|x64.ActiveCfg = Debug|Any CPU
		{625CEF6C-1D93-4409-814E-7FE84B75F980}.AppStore|x64.Build.0 = Debug|Any CPU
		{625CEF6C-1D93-4409-814E-7FE84B75F980}.AppStore|x86.ActiveCfg = Debug|Any CPU
		{625CEF6C-1D93-4409-814E-7FE84B75F980}.AppStore|x86.Build.0 = Debug|Any CPU
		{625CEF6C-1D93-4409-814E-7FE84B75F980}.Debug|Any CPU.ActiveCfg = Debug|Any CPU
		{625CEF6C-1D93-4409-814E-7FE84B75F980}.Debug|Any CPU.Build.0 = Debug|Any CPU
		{625CEF6C-1D93-4409-814E-7FE84B75F980}.Debug|ARM.ActiveCfg = Debug|Any CPU
		{625CEF6C-1D93-4409-814E-7FE84B75F980}.Debug|ARM.Build.0 = Debug|Any CPU
		{625CEF6C-1D93-4409-814E-7FE84B75F980}.Debug|ARM64.ActiveCfg = Debug|Any CPU
		{625CEF6C-1D93-4409-814E-7FE84B75F980}.Debug|ARM64.Build.0 = Debug|Any CPU
		{625CEF6C-1D93-4409-814E-7FE84B75F980}.Debug|iPhone.ActiveCfg = Debug|Any CPU
		{625CEF6C-1D93-4409-814E-7FE84B75F980}.Debug|iPhone.Build.0 = Debug|Any CPU
		{625CEF6C-1D93-4409-814E-7FE84B75F980}.Debug|iPhoneSimulator.ActiveCfg = Debug|Any CPU
		{625CEF6C-1D93-4409-814E-7FE84B75F980}.Debug|iPhoneSimulator.Build.0 = Debug|Any CPU
		{625CEF6C-1D93-4409-814E-7FE84B75F980}.Debug|x64.ActiveCfg = Debug|Any CPU
		{625CEF6C-1D93-4409-814E-7FE84B75F980}.Debug|x64.Build.0 = Debug|Any CPU
		{625CEF6C-1D93-4409-814E-7FE84B75F980}.Debug|x86.ActiveCfg = Debug|Any CPU
		{625CEF6C-1D93-4409-814E-7FE84B75F980}.Debug|x86.Build.0 = Debug|Any CPU
		{625CEF6C-1D93-4409-814E-7FE84B75F980}.Release|Any CPU.ActiveCfg = Release|Any CPU
		{625CEF6C-1D93-4409-814E-7FE84B75F980}.Release|Any CPU.Build.0 = Release|Any CPU
		{625CEF6C-1D93-4409-814E-7FE84B75F980}.Release|ARM.ActiveCfg = Release|Any CPU
		{625CEF6C-1D93-4409-814E-7FE84B75F980}.Release|ARM.Build.0 = Release|Any CPU
		{625CEF6C-1D93-4409-814E-7FE84B75F980}.Release|ARM64.ActiveCfg = Release|Any CPU
		{625CEF6C-1D93-4409-814E-7FE84B75F980}.Release|ARM64.Build.0 = Release|Any CPU
		{625CEF6C-1D93-4409-814E-7FE84B75F980}.Release|iPhone.ActiveCfg = Release|Any CPU
		{625CEF6C-1D93-4409-814E-7FE84B75F980}.Release|iPhone.Build.0 = Release|Any CPU
		{625CEF6C-1D93-4409-814E-7FE84B75F980}.Release|iPhoneSimulator.ActiveCfg = Release|Any CPU
		{625CEF6C-1D93-4409-814E-7FE84B75F980}.Release|iPhoneSimulator.Build.0 = Release|Any CPU
		{625CEF6C-1D93-4409-814E-7FE84B75F980}.Release|x64.ActiveCfg = Release|Any CPU
		{625CEF6C-1D93-4409-814E-7FE84B75F980}.Release|x64.Build.0 = Release|Any CPU
		{625CEF6C-1D93-4409-814E-7FE84B75F980}.Release|x86.ActiveCfg = Release|Any CPU
		{625CEF6C-1D93-4409-814E-7FE84B75F980}.Release|x86.Build.0 = Release|Any CPU
		{008C3E93-5282-4E75-9DDA-446FFB704019}.Ad-Hoc|Any CPU.ActiveCfg = Debug|Any CPU
		{008C3E93-5282-4E75-9DDA-446FFB704019}.Ad-Hoc|Any CPU.Build.0 = Debug|Any CPU
		{008C3E93-5282-4E75-9DDA-446FFB704019}.Ad-Hoc|ARM.ActiveCfg = Debug|Any CPU
		{008C3E93-5282-4E75-9DDA-446FFB704019}.Ad-Hoc|ARM.Build.0 = Debug|Any CPU
		{008C3E93-5282-4E75-9DDA-446FFB704019}.Ad-Hoc|ARM64.ActiveCfg = Debug|Any CPU
		{008C3E93-5282-4E75-9DDA-446FFB704019}.Ad-Hoc|ARM64.Build.0 = Debug|Any CPU
		{008C3E93-5282-4E75-9DDA-446FFB704019}.Ad-Hoc|iPhone.ActiveCfg = Debug|Any CPU
		{008C3E93-5282-4E75-9DDA-446FFB704019}.Ad-Hoc|iPhone.Build.0 = Debug|Any CPU
		{008C3E93-5282-4E75-9DDA-446FFB704019}.Ad-Hoc|iPhoneSimulator.ActiveCfg = Debug|Any CPU
		{008C3E93-5282-4E75-9DDA-446FFB704019}.Ad-Hoc|iPhoneSimulator.Build.0 = Debug|Any CPU
		{008C3E93-5282-4E75-9DDA-446FFB704019}.Ad-Hoc|x64.ActiveCfg = Debug|Any CPU
		{008C3E93-5282-4E75-9DDA-446FFB704019}.Ad-Hoc|x64.Build.0 = Debug|Any CPU
		{008C3E93-5282-4E75-9DDA-446FFB704019}.Ad-Hoc|x86.ActiveCfg = Debug|Any CPU
		{008C3E93-5282-4E75-9DDA-446FFB704019}.Ad-Hoc|x86.Build.0 = Debug|Any CPU
		{008C3E93-5282-4E75-9DDA-446FFB704019}.AppStore|Any CPU.ActiveCfg = Debug|Any CPU
		{008C3E93-5282-4E75-9DDA-446FFB704019}.AppStore|Any CPU.Build.0 = Debug|Any CPU
		{008C3E93-5282-4E75-9DDA-446FFB704019}.AppStore|ARM.ActiveCfg = Debug|Any CPU
		{008C3E93-5282-4E75-9DDA-446FFB704019}.AppStore|ARM.Build.0 = Debug|Any CPU
		{008C3E93-5282-4E75-9DDA-446FFB704019}.AppStore|ARM64.ActiveCfg = Debug|Any CPU
		{008C3E93-5282-4E75-9DDA-446FFB704019}.AppStore|ARM64.Build.0 = Debug|Any CPU
		{008C3E93-5282-4E75-9DDA-446FFB704019}.AppStore|iPhone.ActiveCfg = Debug|Any CPU
		{008C3E93-5282-4E75-9DDA-446FFB704019}.AppStore|iPhone.Build.0 = Debug|Any CPU
		{008C3E93-5282-4E75-9DDA-446FFB704019}.AppStore|iPhoneSimulator.ActiveCfg = Debug|Any CPU
		{008C3E93-5282-4E75-9DDA-446FFB704019}.AppStore|iPhoneSimulator.Build.0 = Debug|Any CPU
		{008C3E93-5282-4E75-9DDA-446FFB704019}.AppStore|x64.ActiveCfg = Debug|Any CPU
		{008C3E93-5282-4E75-9DDA-446FFB704019}.AppStore|x64.Build.0 = Debug|Any CPU
		{008C3E93-5282-4E75-9DDA-446FFB704019}.AppStore|x86.ActiveCfg = Debug|Any CPU
		{008C3E93-5282-4E75-9DDA-446FFB704019}.AppStore|x86.Build.0 = Debug|Any CPU
		{008C3E93-5282-4E75-9DDA-446FFB704019}.Debug|Any CPU.ActiveCfg = Debug|Any CPU
		{008C3E93-5282-4E75-9DDA-446FFB704019}.Debug|Any CPU.Build.0 = Debug|Any CPU
		{008C3E93-5282-4E75-9DDA-446FFB704019}.Debug|ARM.ActiveCfg = Debug|Any CPU
		{008C3E93-5282-4E75-9DDA-446FFB704019}.Debug|ARM.Build.0 = Debug|Any CPU
		{008C3E93-5282-4E75-9DDA-446FFB704019}.Debug|ARM64.ActiveCfg = Debug|Any CPU
		{008C3E93-5282-4E75-9DDA-446FFB704019}.Debug|ARM64.Build.0 = Debug|Any CPU
		{008C3E93-5282-4E75-9DDA-446FFB704019}.Debug|iPhone.ActiveCfg = Debug|Any CPU
		{008C3E93-5282-4E75-9DDA-446FFB704019}.Debug|iPhone.Build.0 = Debug|Any CPU
		{008C3E93-5282-4E75-9DDA-446FFB704019}.Debug|iPhoneSimulator.ActiveCfg = Debug|Any CPU
		{008C3E93-5282-4E75-9DDA-446FFB704019}.Debug|iPhoneSimulator.Build.0 = Debug|Any CPU
		{008C3E93-5282-4E75-9DDA-446FFB704019}.Debug|x64.ActiveCfg = Debug|Any CPU
		{008C3E93-5282-4E75-9DDA-446FFB704019}.Debug|x64.Build.0 = Debug|Any CPU
		{008C3E93-5282-4E75-9DDA-446FFB704019}.Debug|x86.ActiveCfg = Debug|Any CPU
		{008C3E93-5282-4E75-9DDA-446FFB704019}.Debug|x86.Build.0 = Debug|Any CPU
		{008C3E93-5282-4E75-9DDA-446FFB704019}.Release|Any CPU.ActiveCfg = Release|Any CPU
		{008C3E93-5282-4E75-9DDA-446FFB704019}.Release|Any CPU.Build.0 = Release|Any CPU
		{008C3E93-5282-4E75-9DDA-446FFB704019}.Release|ARM.ActiveCfg = Release|Any CPU
		{008C3E93-5282-4E75-9DDA-446FFB704019}.Release|ARM.Build.0 = Release|Any CPU
		{008C3E93-5282-4E75-9DDA-446FFB704019}.Release|ARM64.ActiveCfg = Release|Any CPU
		{008C3E93-5282-4E75-9DDA-446FFB704019}.Release|ARM64.Build.0 = Release|Any CPU
		{008C3E93-5282-4E75-9DDA-446FFB704019}.Release|iPhone.ActiveCfg = Release|Any CPU
		{008C3E93-5282-4E75-9DDA-446FFB704019}.Release|iPhone.Build.0 = Release|Any CPU
		{008C3E93-5282-4E75-9DDA-446FFB704019}.Release|iPhoneSimulator.ActiveCfg = Release|Any CPU
		{008C3E93-5282-4E75-9DDA-446FFB704019}.Release|iPhoneSimulator.Build.0 = Release|Any CPU
		{008C3E93-5282-4E75-9DDA-446FFB704019}.Release|x64.ActiveCfg = Release|Any CPU
		{008C3E93-5282-4E75-9DDA-446FFB704019}.Release|x64.Build.0 = Release|Any CPU
		{008C3E93-5282-4E75-9DDA-446FFB704019}.Release|x86.ActiveCfg = Release|Any CPU
		{008C3E93-5282-4E75-9DDA-446FFB704019}.Release|x86.Build.0 = Release|Any CPU
		{B7098393-A004-414F-B14A-AE69662B8EFB}.Ad-Hoc|Any CPU.ActiveCfg = Debug|Any CPU
		{B7098393-A004-414F-B14A-AE69662B8EFB}.Ad-Hoc|Any CPU.Build.0 = Debug|Any CPU
		{B7098393-A004-414F-B14A-AE69662B8EFB}.Ad-Hoc|ARM.ActiveCfg = Debug|Any CPU
		{B7098393-A004-414F-B14A-AE69662B8EFB}.Ad-Hoc|ARM.Build.0 = Debug|Any CPU
		{B7098393-A004-414F-B14A-AE69662B8EFB}.Ad-Hoc|ARM64.ActiveCfg = Debug|Any CPU
		{B7098393-A004-414F-B14A-AE69662B8EFB}.Ad-Hoc|ARM64.Build.0 = Debug|Any CPU
		{B7098393-A004-414F-B14A-AE69662B8EFB}.Ad-Hoc|iPhone.ActiveCfg = Debug|Any CPU
		{B7098393-A004-414F-B14A-AE69662B8EFB}.Ad-Hoc|iPhone.Build.0 = Debug|Any CPU
		{B7098393-A004-414F-B14A-AE69662B8EFB}.Ad-Hoc|iPhoneSimulator.ActiveCfg = Debug|Any CPU
		{B7098393-A004-414F-B14A-AE69662B8EFB}.Ad-Hoc|iPhoneSimulator.Build.0 = Debug|Any CPU
		{B7098393-A004-414F-B14A-AE69662B8EFB}.Ad-Hoc|x64.ActiveCfg = Debug|Any CPU
		{B7098393-A004-414F-B14A-AE69662B8EFB}.Ad-Hoc|x64.Build.0 = Debug|Any CPU
		{B7098393-A004-414F-B14A-AE69662B8EFB}.Ad-Hoc|x86.ActiveCfg = Debug|Any CPU
		{B7098393-A004-414F-B14A-AE69662B8EFB}.Ad-Hoc|x86.Build.0 = Debug|Any CPU
		{B7098393-A004-414F-B14A-AE69662B8EFB}.AppStore|Any CPU.ActiveCfg = Debug|Any CPU
		{B7098393-A004-414F-B14A-AE69662B8EFB}.AppStore|Any CPU.Build.0 = Debug|Any CPU
		{B7098393-A004-414F-B14A-AE69662B8EFB}.AppStore|ARM.ActiveCfg = Debug|Any CPU
		{B7098393-A004-414F-B14A-AE69662B8EFB}.AppStore|ARM.Build.0 = Debug|Any CPU
		{B7098393-A004-414F-B14A-AE69662B8EFB}.AppStore|ARM64.ActiveCfg = Debug|Any CPU
		{B7098393-A004-414F-B14A-AE69662B8EFB}.AppStore|ARM64.Build.0 = Debug|Any CPU
		{B7098393-A004-414F-B14A-AE69662B8EFB}.AppStore|iPhone.ActiveCfg = Debug|Any CPU
		{B7098393-A004-414F-B14A-AE69662B8EFB}.AppStore|iPhone.Build.0 = Debug|Any CPU
		{B7098393-A004-414F-B14A-AE69662B8EFB}.AppStore|iPhoneSimulator.ActiveCfg = Debug|Any CPU
		{B7098393-A004-414F-B14A-AE69662B8EFB}.AppStore|iPhoneSimulator.Build.0 = Debug|Any CPU
		{B7098393-A004-414F-B14A-AE69662B8EFB}.AppStore|x64.ActiveCfg = Debug|Any CPU
		{B7098393-A004-414F-B14A-AE69662B8EFB}.AppStore|x64.Build.0 = Debug|Any CPU
		{B7098393-A004-414F-B14A-AE69662B8EFB}.AppStore|x86.ActiveCfg = Debug|Any CPU
		{B7098393-A004-414F-B14A-AE69662B8EFB}.AppStore|x86.Build.0 = Debug|Any CPU
		{B7098393-A004-414F-B14A-AE69662B8EFB}.Debug|Any CPU.ActiveCfg = Debug|Any CPU
		{B7098393-A004-414F-B14A-AE69662B8EFB}.Debug|Any CPU.Build.0 = Debug|Any CPU
		{B7098393-A004-414F-B14A-AE69662B8EFB}.Debug|ARM.ActiveCfg = Debug|Any CPU
		{B7098393-A004-414F-B14A-AE69662B8EFB}.Debug|ARM.Build.0 = Debug|Any CPU
		{B7098393-A004-414F-B14A-AE69662B8EFB}.Debug|ARM64.ActiveCfg = Debug|Any CPU
		{B7098393-A004-414F-B14A-AE69662B8EFB}.Debug|ARM64.Build.0 = Debug|Any CPU
		{B7098393-A004-414F-B14A-AE69662B8EFB}.Debug|iPhone.ActiveCfg = Debug|Any CPU
		{B7098393-A004-414F-B14A-AE69662B8EFB}.Debug|iPhone.Build.0 = Debug|Any CPU
		{B7098393-A004-414F-B14A-AE69662B8EFB}.Debug|iPhoneSimulator.ActiveCfg = Debug|Any CPU
		{B7098393-A004-414F-B14A-AE69662B8EFB}.Debug|iPhoneSimulator.Build.0 = Debug|Any CPU
		{B7098393-A004-414F-B14A-AE69662B8EFB}.Debug|x64.ActiveCfg = Debug|Any CPU
		{B7098393-A004-414F-B14A-AE69662B8EFB}.Debug|x64.Build.0 = Debug|Any CPU
		{B7098393-A004-414F-B14A-AE69662B8EFB}.Debug|x86.ActiveCfg = Debug|Any CPU
		{B7098393-A004-414F-B14A-AE69662B8EFB}.Debug|x86.Build.0 = Debug|Any CPU
		{B7098393-A004-414F-B14A-AE69662B8EFB}.Release|Any CPU.ActiveCfg = Release|Any CPU
		{B7098393-A004-414F-B14A-AE69662B8EFB}.Release|Any CPU.Build.0 = Release|Any CPU
		{B7098393-A004-414F-B14A-AE69662B8EFB}.Release|ARM.ActiveCfg = Release|Any CPU
		{B7098393-A004-414F-B14A-AE69662B8EFB}.Release|ARM.Build.0 = Release|Any CPU
		{B7098393-A004-414F-B14A-AE69662B8EFB}.Release|ARM64.ActiveCfg = Release|Any CPU
		{B7098393-A004-414F-B14A-AE69662B8EFB}.Release|ARM64.Build.0 = Release|Any CPU
		{B7098393-A004-414F-B14A-AE69662B8EFB}.Release|iPhone.ActiveCfg = Release|Any CPU
		{B7098393-A004-414F-B14A-AE69662B8EFB}.Release|iPhone.Build.0 = Release|Any CPU
		{B7098393-A004-414F-B14A-AE69662B8EFB}.Release|iPhoneSimulator.ActiveCfg = Release|Any CPU
		{B7098393-A004-414F-B14A-AE69662B8EFB}.Release|iPhoneSimulator.Build.0 = Release|Any CPU
		{B7098393-A004-414F-B14A-AE69662B8EFB}.Release|x64.ActiveCfg = Release|Any CPU
		{B7098393-A004-414F-B14A-AE69662B8EFB}.Release|x64.Build.0 = Release|Any CPU
		{B7098393-A004-414F-B14A-AE69662B8EFB}.Release|x86.ActiveCfg = Release|Any CPU
		{B7098393-A004-414F-B14A-AE69662B8EFB}.Release|x86.Build.0 = Release|Any CPU
	EndGlobalSection
	GlobalSection(SolutionProperties) = preSolution
		HideSolutionNode = FALSE
	EndGlobalSection
	GlobalSection(NestedProjects) = preSolution
		{5F670CF4-0D4A-450D-B412-A6D0A7259D75} = {F85B76DA-B246-4B29-A24B-E16325794212}
		{2B678EB1-FDBF-4767-9B77-4CFE05E47C74} = {5F670CF4-0D4A-450D-B412-A6D0A7259D75}
		{43BC0945-6CCE-428E-95C3-E202CEFA3453} = {5F670CF4-0D4A-450D-B412-A6D0A7259D75}
		{DA49FF09-65D0-4D9D-95A4-F5CF4D1D5BA3} = {5F670CF4-0D4A-450D-B412-A6D0A7259D75}
		{6DF8F7FF-3692-49D9-BFE6-3247904091C8} = {5F670CF4-0D4A-450D-B412-A6D0A7259D75}
		{2F4B9285-6498-4EAB-AD28-933F8BF88BAF} = {5F670CF4-0D4A-450D-B412-A6D0A7259D75}
		{420EFE54-B3F3-471A-B2A4-DC642F3A7E94} = {5F670CF4-0D4A-450D-B412-A6D0A7259D75}
		{D095EC14-1DA1-4092-A7A2-20EA5D3B786A} = {5F670CF4-0D4A-450D-B412-A6D0A7259D75}
		{625CEF6C-1D93-4409-814E-7FE84B75F980} = {5F670CF4-0D4A-450D-B412-A6D0A7259D75}
		{008C3E93-5282-4E75-9DDA-446FFB704019} = {5F670CF4-0D4A-450D-B412-A6D0A7259D75}
		{6279C845-92F8-4333-AB99-3D213163593C} = {F85B76DA-B246-4B29-A24B-E16325794212}
		{B7098393-A004-414F-B14A-AE69662B8EFB} = {7689574B-A522-4939-9649-1ABB8FF2C0B3}
	EndGlobalSection
	GlobalSection(ExtensibilityGlobals) = postSolution
		SolutionGuid = {21B65BAF-3A61-4CBE-B243-2C4383BD41AB}
	EndGlobalSection
EndGlobal
