
Microsoft Visual Studio Solution File, Format Version 12.00
# Visual Studio Version 16
VisualStudioVersion = 16.0.30413.136
MinimumVisualStudioVersion = 10.0.40219.1
Project("{9A19103F-16F7-4668-BE54-9A1E7A4F7556}") = "Observatory.Core", "src\Observatory.Core\Observatory.Core.csproj", "{55596B7B-CB2C-46C4-BB1E-69A3CCF82E99}"
EndProject
Project("{9A19103F-16F7-4668-BE54-9A1E7A4F7556}") = "Observatory.Providers.Exchange", "src\Observatory.Providers.Exchange\Observatory.Providers.Exchange.csproj", "{4CBEB736-37DA-45B5-8287-9FD9D64E18B9}"
EndProject
Project("{2150E333-8FDC-42A3-9474-1A3956D46DE8}") = "Solution Items", "Solution Items", "{168A3194-82CB-453A-B704-FF4716052A1F}"
EndProject
Project("{D954291E-2A0B-460D-934E-DC6B0785DB48}") = "Observatory.UI.Shared", "src\Observatory.UI\Observatory.UI.Shared\Observatory.UI.Shared.shproj", "{6279C845-92F8-4333-AB99-3D213163593C}"
EndProject
Project("{FAE04EC0-301F-11D3-BF4B-00C04F79EFBC}") = "Observatory.UI.UWP", "src\Observatory.UI\Observatory.UI.UWP\Observatory.UI.UWP.csproj", "{953DA06F-FC94-487E-9B2F-EC99F2F5DC45}"
EndProject
Project("{2150E333-8FDC-42A3-9474-1A3956D46DE8}") = "UI", "UI", "{19510417-D616-4443-8872-C419CB7BA0D6}"
EndProject
Global
	GlobalSection(SharedMSBuildProjectFiles) = preSolution
		src\Observatory.UI\Observatory.UI.Shared\Observatory.UI.Shared.projitems*{6279c845-92f8-4333-ab99-3d213163593c}*SharedItemsImports = 13
		src\Observatory.UI\Observatory.UI.Shared\Observatory.UI.Shared.projitems*{953da06f-fc94-487e-9b2f-ec99f2f5dc45}*SharedItemsImports = 4
	EndGlobalSection
	GlobalSection(SolutionConfigurationPlatforms) = preSolution
		Ad-Hoc|Any CPU = Ad-Hoc|Any CPU
		Ad-Hoc|ARM = Ad-Hoc|ARM
		Ad-Hoc|ARM64 = Ad-Hoc|ARM64
		Ad-Hoc|iPhone = Ad-Hoc|iPhone
		Ad-Hoc|iPhoneSimulator = Ad-Hoc|iPhoneSimulator
		Ad-Hoc|x64 = Ad-Hoc|x64
		Ad-Hoc|x86 = Ad-Hoc|x86
		AppStore|Any CPU = AppStore|Any CPU
		AppStore|ARM = AppStore|ARM
		AppStore|ARM64 = AppStore|ARM64
		AppStore|iPhone = AppStore|iPhone
		AppStore|iPhoneSimulator = AppStore|iPhoneSimulator
		AppStore|x64 = AppStore|x64
		AppStore|x86 = AppStore|x86
		Debug|Any CPU = Debug|Any CPU
		Debug|ARM = Debug|ARM
		Debug|ARM64 = Debug|ARM64
		Debug|iPhone = Debug|iPhone
		Debug|iPhoneSimulator = Debug|iPhoneSimulator
		Debug|x64 = Debug|x64
		Debug|x86 = Debug|x86
		Release|Any CPU = Release|Any CPU
		Release|ARM = Release|ARM
		Release|ARM64 = Release|ARM64
		Release|iPhone = Release|iPhone
		Release|iPhoneSimulator = Release|iPhoneSimulator
		Release|x64 = Release|x64
		Release|x86 = Release|x86
	EndGlobalSection
	GlobalSection(ProjectConfigurationPlatforms) = postSolution
		{55596B7B-CB2C-46C4-BB1E-69A3CCF82E99}.Ad-Hoc|Any CPU.ActiveCfg = Release|Any CPU
		{55596B7B-CB2C-46C4-BB1E-69A3CCF82E99}.Ad-Hoc|Any CPU.Build.0 = Release|Any CPU
		{55596B7B-CB2C-46C4-BB1E-69A3CCF82E99}.Ad-Hoc|ARM.ActiveCfg = Release|Any CPU
		{55596B7B-CB2C-46C4-BB1E-69A3CCF82E99}.Ad-Hoc|ARM.Build.0 = Release|Any CPU
		{55596B7B-CB2C-46C4-BB1E-69A3CCF82E99}.Ad-Hoc|ARM64.ActiveCfg = Release|Any CPU
		{55596B7B-CB2C-46C4-BB1E-69A3CCF82E99}.Ad-Hoc|ARM64.Build.0 = Release|Any CPU
		{55596B7B-CB2C-46C4-BB1E-69A3CCF82E99}.Ad-Hoc|iPhone.ActiveCfg = Release|Any CPU
		{55596B7B-CB2C-46C4-BB1E-69A3CCF82E99}.Ad-Hoc|iPhone.Build.0 = Release|Any CPU
		{55596B7B-CB2C-46C4-BB1E-69A3CCF82E99}.Ad-Hoc|iPhoneSimulator.ActiveCfg = Release|Any CPU
		{55596B7B-CB2C-46C4-BB1E-69A3CCF82E99}.Ad-Hoc|iPhoneSimulator.Build.0 = Release|Any CPU
		{55596B7B-CB2C-46C4-BB1E-69A3CCF82E99}.Ad-Hoc|x64.ActiveCfg = Release|Any CPU
		{55596B7B-CB2C-46C4-BB1E-69A3CCF82E99}.Ad-Hoc|x64.Build.0 = Release|Any CPU
		{55596B7B-CB2C-46C4-BB1E-69A3CCF82E99}.Ad-Hoc|x86.ActiveCfg = Release|Any CPU
		{55596B7B-CB2C-46C4-BB1E-69A3CCF82E99}.Ad-Hoc|x86.Build.0 = Release|Any CPU
		{55596B7B-CB2C-46C4-BB1E-69A3CCF82E99}.AppStore|Any CPU.ActiveCfg = Release|Any CPU
		{55596B7B-CB2C-46C4-BB1E-69A3CCF82E99}.AppStore|Any CPU.Build.0 = Release|Any CPU
		{55596B7B-CB2C-46C4-BB1E-69A3CCF82E99}.AppStore|ARM.ActiveCfg = Release|Any CPU
		{55596B7B-CB2C-46C4-BB1E-69A3CCF82E99}.AppStore|ARM.Build.0 = Release|Any CPU
		{55596B7B-CB2C-46C4-BB1E-69A3CCF82E99}.AppStore|ARM64.ActiveCfg = Release|Any CPU
		{55596B7B-CB2C-46C4-BB1E-69A3CCF82E99}.AppStore|ARM64.Build.0 = Release|Any CPU
		{55596B7B-CB2C-46C4-BB1E-69A3CCF82E99}.AppStore|iPhone.ActiveCfg = Release|Any CPU
		{55596B7B-CB2C-46C4-BB1E-69A3CCF82E99}.AppStore|iPhone.Build.0 = Release|Any CPU
		{55596B7B-CB2C-46C4-BB1E-69A3CCF82E99}.AppStore|iPhoneSimulator.ActiveCfg = Release|Any CPU
		{55596B7B-CB2C-46C4-BB1E-69A3CCF82E99}.AppStore|iPhoneSimulator.Build.0 = Release|Any CPU
		{55596B7B-CB2C-46C4-BB1E-69A3CCF82E99}.AppStore|x64.ActiveCfg = Release|Any CPU
		{55596B7B-CB2C-46C4-BB1E-69A3CCF82E99}.AppStore|x64.Build.0 = Release|Any CPU
		{55596B7B-CB2C-46C4-BB1E-69A3CCF82E99}.AppStore|x86.ActiveCfg = Release|Any CPU
		{55596B7B-CB2C-46C4-BB1E-69A3CCF82E99}.AppStore|x86.Build.0 = Release|Any CPU
		{55596B7B-CB2C-46C4-BB1E-69A3CCF82E99}.Debug|Any CPU.ActiveCfg = Debug|Any CPU
		{55596B7B-CB2C-46C4-BB1E-69A3CCF82E99}.Debug|Any CPU.Build.0 = Debug|Any CPU
		{55596B7B-CB2C-46C4-BB1E-69A3CCF82E99}.Debug|ARM.ActiveCfg = Debug|Any CPU
		{55596B7B-CB2C-46C4-BB1E-69A3CCF82E99}.Debug|ARM.Build.0 = Debug|Any CPU
		{55596B7B-CB2C-46C4-BB1E-69A3CCF82E99}.Debug|ARM64.ActiveCfg = Debug|Any CPU
		{55596B7B-CB2C-46C4-BB1E-69A3CCF82E99}.Debug|ARM64.Build.0 = Debug|Any CPU
		{55596B7B-CB2C-46C4-BB1E-69A3CCF82E99}.Debug|iPhone.ActiveCfg = Debug|Any CPU
		{55596B7B-CB2C-46C4-BB1E-69A3CCF82E99}.Debug|iPhone.Build.0 = Debug|Any CPU
		{55596B7B-CB2C-46C4-BB1E-69A3CCF82E99}.Debug|iPhoneSimulator.ActiveCfg = Debug|Any CPU
		{55596B7B-CB2C-46C4-BB1E-69A3CCF82E99}.Debug|iPhoneSimulator.Build.0 = Debug|Any CPU
		{55596B7B-CB2C-46C4-BB1E-69A3CCF82E99}.Debug|x64.ActiveCfg = Debug|Any CPU
		{55596B7B-CB2C-46C4-BB1E-69A3CCF82E99}.Debug|x64.Build.0 = Debug|Any CPU
		{55596B7B-CB2C-46C4-BB1E-69A3CCF82E99}.Debug|x86.ActiveCfg = Debug|Any CPU
		{55596B7B-CB2C-46C4-BB1E-69A3CCF82E99}.Debug|x86.Build.0 = Debug|Any CPU
		{55596B7B-CB2C-46C4-BB1E-69A3CCF82E99}.Release|Any CPU.ActiveCfg = Release|Any CPU
		{55596B7B-CB2C-46C4-BB1E-69A3CCF82E99}.Release|Any CPU.Build.0 = Release|Any CPU
		{55596B7B-CB2C-46C4-BB1E-69A3CCF82E99}.Release|ARM.ActiveCfg = Release|Any CPU
		{55596B7B-CB2C-46C4-BB1E-69A3CCF82E99}.Release|ARM.Build.0 = Release|Any CPU
		{55596B7B-CB2C-46C4-BB1E-69A3CCF82E99}.Release|ARM64.ActiveCfg = Release|Any CPU
		{55596B7B-CB2C-46C4-BB1E-69A3CCF82E99}.Release|ARM64.Build.0 = Release|Any CPU
		{55596B7B-CB2C-46C4-BB1E-69A3CCF82E99}.Release|iPhone.ActiveCfg = Release|Any CPU
		{55596B7B-CB2C-46C4-BB1E-69A3CCF82E99}.Release|iPhone.Build.0 = Release|Any CPU
		{55596B7B-CB2C-46C4-BB1E-69A3CCF82E99}.Release|iPhoneSimulator.ActiveCfg = Release|Any CPU
		{55596B7B-CB2C-46C4-BB1E-69A3CCF82E99}.Release|iPhoneSimulator.Build.0 = Release|Any CPU
		{55596B7B-CB2C-46C4-BB1E-69A3CCF82E99}.Release|x64.ActiveCfg = Release|Any CPU
		{55596B7B-CB2C-46C4-BB1E-69A3CCF82E99}.Release|x64.Build.0 = Release|Any CPU
		{55596B7B-CB2C-46C4-BB1E-69A3CCF82E99}.Release|x86.ActiveCfg = Release|Any CPU
		{55596B7B-CB2C-46C4-BB1E-69A3CCF82E99}.Release|x86.Build.0 = Release|Any CPU
		{4CBEB736-37DA-45B5-8287-9FD9D64E18B9}.Ad-Hoc|Any CPU.ActiveCfg = Release|Any CPU
		{4CBEB736-37DA-45B5-8287-9FD9D64E18B9}.Ad-Hoc|Any CPU.Build.0 = Release|Any CPU
		{4CBEB736-37DA-45B5-8287-9FD9D64E18B9}.Ad-Hoc|ARM.ActiveCfg = Release|Any CPU
		{4CBEB736-37DA-45B5-8287-9FD9D64E18B9}.Ad-Hoc|ARM.Build.0 = Release|Any CPU
		{4CBEB736-37DA-45B5-8287-9FD9D64E18B9}.Ad-Hoc|ARM64.ActiveCfg = Release|Any CPU
		{4CBEB736-37DA-45B5-8287-9FD9D64E18B9}.Ad-Hoc|ARM64.Build.0 = Release|Any CPU
		{4CBEB736-37DA-45B5-8287-9FD9D64E18B9}.Ad-Hoc|iPhone.ActiveCfg = Release|Any CPU
		{4CBEB736-37DA-45B5-8287-9FD9D64E18B9}.Ad-Hoc|iPhone.Build.0 = Release|Any CPU
		{4CBEB736-37DA-45B5-8287-9FD9D64E18B9}.Ad-Hoc|iPhoneSimulator.ActiveCfg = Release|Any CPU
		{4CBEB736-37DA-45B5-8287-9FD9D64E18B9}.Ad-Hoc|iPhoneSimulator.Build.0 = Release|Any CPU
		{4CBEB736-37DA-45B5-8287-9FD9D64E18B9}.Ad-Hoc|x64.ActiveCfg = Release|Any CPU
		{4CBEB736-37DA-45B5-8287-9FD9D64E18B9}.Ad-Hoc|x64.Build.0 = Release|Any CPU
		{4CBEB736-37DA-45B5-8287-9FD9D64E18B9}.Ad-Hoc|x86.ActiveCfg = Release|Any CPU
		{4CBEB736-37DA-45B5-8287-9FD9D64E18B9}.Ad-Hoc|x86.Build.0 = Release|Any CPU
		{4CBEB736-37DA-45B5-8287-9FD9D64E18B9}.AppStore|Any CPU.ActiveCfg = Release|Any CPU
		{4CBEB736-37DA-45B5-8287-9FD9D64E18B9}.AppStore|Any CPU.Build.0 = Release|Any CPU
		{4CBEB736-37DA-45B5-8287-9FD9D64E18B9}.AppStore|ARM.ActiveCfg = Release|Any CPU
		{4CBEB736-37DA-45B5-8287-9FD9D64E18B9}.AppStore|ARM.Build.0 = Release|Any CPU
		{4CBEB736-37DA-45B5-8287-9FD9D64E18B9}.AppStore|ARM64.ActiveCfg = Release|Any CPU
		{4CBEB736-37DA-45B5-8287-9FD9D64E18B9}.AppStore|ARM64.Build.0 = Release|Any CPU
		{4CBEB736-37DA-45B5-8287-9FD9D64E18B9}.AppStore|iPhone.ActiveCfg = Release|Any CPU
		{4CBEB736-37DA-45B5-8287-9FD9D64E18B9}.AppStore|iPhone.Build.0 = Release|Any CPU
		{4CBEB736-37DA-45B5-8287-9FD9D64E18B9}.AppStore|iPhoneSimulator.ActiveCfg = Release|Any CPU
		{4CBEB736-37DA-45B5-8287-9FD9D64E18B9}.AppStore|iPhoneSimulator.Build.0 = Release|Any CPU
		{4CBEB736-37DA-45B5-8287-9FD9D64E18B9}.AppStore|x64.ActiveCfg = Release|Any CPU
		{4CBEB736-37DA-45B5-8287-9FD9D64E18B9}.AppStore|x64.Build.0 = Release|Any CPU
		{4CBEB736-37DA-45B5-8287-9FD9D64E18B9}.AppStore|x86.ActiveCfg = Release|Any CPU
		{4CBEB736-37DA-45B5-8287-9FD9D64E18B9}.AppStore|x86.Build.0 = Release|Any CPU
		{4CBEB736-37DA-45B5-8287-9FD9D64E18B9}.Debug|Any CPU.ActiveCfg = Debug|Any CPU
		{4CBEB736-37DA-45B5-8287-9FD9D64E18B9}.Debug|Any CPU.Build.0 = Debug|Any CPU
		{4CBEB736-37DA-45B5-8287-9FD9D64E18B9}.Debug|ARM.ActiveCfg = Debug|Any CPU
		{4CBEB736-37DA-45B5-8287-9FD9D64E18B9}.Debug|ARM.Build.0 = Debug|Any CPU
		{4CBEB736-37DA-45B5-8287-9FD9D64E18B9}.Debug|ARM64.ActiveCfg = Debug|Any CPU
		{4CBEB736-37DA-45B5-8287-9FD9D64E18B9}.Debug|ARM64.Build.0 = Debug|Any CPU
		{4CBEB736-37DA-45B5-8287-9FD9D64E18B9}.Debug|iPhone.ActiveCfg = Debug|Any CPU
		{4CBEB736-37DA-45B5-8287-9FD9D64E18B9}.Debug|iPhone.Build.0 = Debug|Any CPU
		{4CBEB736-37DA-45B5-8287-9FD9D64E18B9}.Debug|iPhoneSimulator.ActiveCfg = Debug|Any CPU
		{4CBEB736-37DA-45B5-8287-9FD9D64E18B9}.Debug|iPhoneSimulator.Build.0 = Debug|Any CPU
		{4CBEB736-37DA-45B5-8287-9FD9D64E18B9}.Debug|x64.ActiveCfg = Debug|Any CPU
		{4CBEB736-37DA-45B5-8287-9FD9D64E18B9}.Debug|x64.Build.0 = Debug|Any CPU
		{4CBEB736-37DA-45B5-8287-9FD9D64E18B9}.Debug|x86.ActiveCfg = Debug|Any CPU
		{4CBEB736-37DA-45B5-8287-9FD9D64E18B9}.Debug|x86.Build.0 = Debug|Any CPU
		{4CBEB736-37DA-45B5-8287-9FD9D64E18B9}.Release|Any CPU.ActiveCfg = Release|Any CPU
		{4CBEB736-37DA-45B5-8287-9FD9D64E18B9}.Release|Any CPU.Build.0 = Release|Any CPU
		{4CBEB736-37DA-45B5-8287-9FD9D64E18B9}.Release|ARM.ActiveCfg = Release|Any CPU
		{4CBEB736-37DA-45B5-8287-9FD9D64E18B9}.Release|ARM.Build.0 = Release|Any CPU
		{4CBEB736-37DA-45B5-8287-9FD9D64E18B9}.Release|ARM64.ActiveCfg = Release|Any CPU
		{4CBEB736-37DA-45B5-8287-9FD9D64E18B9}.Release|ARM64.Build.0 = Release|Any CPU
		{4CBEB736-37DA-45B5-8287-9FD9D64E18B9}.Release|iPhone.ActiveCfg = Release|Any CPU
		{4CBEB736-37DA-45B5-8287-9FD9D64E18B9}.Release|iPhone.Build.0 = Release|Any CPU
		{4CBEB736-37DA-45B5-8287-9FD9D64E18B9}.Release|iPhoneSimulator.ActiveCfg = Release|Any CPU
		{4CBEB736-37DA-45B5-8287-9FD9D64E18B9}.Release|iPhoneSimulator.Build.0 = Release|Any CPU
		{4CBEB736-37DA-45B5-8287-9FD9D64E18B9}.Release|x64.ActiveCfg = Release|Any CPU
		{4CBEB736-37DA-45B5-8287-9FD9D64E18B9}.Release|x64.Build.0 = Release|Any CPU
		{4CBEB736-37DA-45B5-8287-9FD9D64E18B9}.Release|x86.ActiveCfg = Release|Any CPU
		{4CBEB736-37DA-45B5-8287-9FD9D64E18B9}.Release|x86.Build.0 = Release|Any CPU
		{953DA06F-FC94-487E-9B2F-EC99F2F5DC45}.Ad-Hoc|Any CPU.ActiveCfg = Debug|x86
		{953DA06F-FC94-487E-9B2F-EC99F2F5DC45}.Ad-Hoc|Any CPU.Build.0 = Debug|x86
		{953DA06F-FC94-487E-9B2F-EC99F2F5DC45}.Ad-Hoc|Any CPU.Deploy.0 = Debug|x86
		{953DA06F-FC94-487E-9B2F-EC99F2F5DC45}.Ad-Hoc|ARM.ActiveCfg = Debug|ARM
		{953DA06F-FC94-487E-9B2F-EC99F2F5DC45}.Ad-Hoc|ARM.Build.0 = Debug|ARM
		{953DA06F-FC94-487E-9B2F-EC99F2F5DC45}.Ad-Hoc|ARM.Deploy.0 = Debug|ARM
		{953DA06F-FC94-487E-9B2F-EC99F2F5DC45}.Ad-Hoc|ARM64.ActiveCfg = Debug|ARM64
		{953DA06F-FC94-487E-9B2F-EC99F2F5DC45}.Ad-Hoc|ARM64.Build.0 = Debug|ARM64
		{953DA06F-FC94-487E-9B2F-EC99F2F5DC45}.Ad-Hoc|ARM64.Deploy.0 = Debug|ARM64
		{953DA06F-FC94-487E-9B2F-EC99F2F5DC45}.Ad-Hoc|iPhone.ActiveCfg = Debug|x86
		{953DA06F-FC94-487E-9B2F-EC99F2F5DC45}.Ad-Hoc|iPhone.Build.0 = Debug|x86
		{953DA06F-FC94-487E-9B2F-EC99F2F5DC45}.Ad-Hoc|iPhone.Deploy.0 = Debug|x86
		{953DA06F-FC94-487E-9B2F-EC99F2F5DC45}.Ad-Hoc|iPhoneSimulator.ActiveCfg = Debug|x86
		{953DA06F-FC94-487E-9B2F-EC99F2F5DC45}.Ad-Hoc|iPhoneSimulator.Build.0 = Debug|x86
		{953DA06F-FC94-487E-9B2F-EC99F2F5DC45}.Ad-Hoc|iPhoneSimulator.Deploy.0 = Debug|x86
		{953DA06F-FC94-487E-9B2F-EC99F2F5DC45}.Ad-Hoc|x64.ActiveCfg = Debug|x64
		{953DA06F-FC94-487E-9B2F-EC99F2F5DC45}.Ad-Hoc|x64.Build.0 = Debug|x64
		{953DA06F-FC94-487E-9B2F-EC99F2F5DC45}.Ad-Hoc|x64.Deploy.0 = Debug|x64
		{953DA06F-FC94-487E-9B2F-EC99F2F5DC45}.Ad-Hoc|x86.ActiveCfg = Debug|x86
		{953DA06F-FC94-487E-9B2F-EC99F2F5DC45}.Ad-Hoc|x86.Build.0 = Debug|x86
		{953DA06F-FC94-487E-9B2F-EC99F2F5DC45}.Ad-Hoc|x86.Deploy.0 = Debug|x86
		{953DA06F-FC94-487E-9B2F-EC99F2F5DC45}.AppStore|Any CPU.ActiveCfg = Debug|x86
		{953DA06F-FC94-487E-9B2F-EC99F2F5DC45}.AppStore|Any CPU.Build.0 = Debug|x86
		{953DA06F-FC94-487E-9B2F-EC99F2F5DC45}.AppStore|Any CPU.Deploy.0 = Debug|x86
		{953DA06F-FC94-487E-9B2F-EC99F2F5DC45}.AppStore|ARM.ActiveCfg = Debug|ARM
		{953DA06F-FC94-487E-9B2F-EC99F2F5DC45}.AppStore|ARM.Build.0 = Debug|ARM
		{953DA06F-FC94-487E-9B2F-EC99F2F5DC45}.AppStore|ARM.Deploy.0 = Debug|ARM
		{953DA06F-FC94-487E-9B2F-EC99F2F5DC45}.AppStore|ARM64.ActiveCfg = Debug|ARM64
		{953DA06F-FC94-487E-9B2F-EC99F2F5DC45}.AppStore|ARM64.Build.0 = Debug|ARM64
		{953DA06F-FC94-487E-9B2F-EC99F2F5DC45}.AppStore|ARM64.Deploy.0 = Debug|ARM64
		{953DA06F-FC94-487E-9B2F-EC99F2F5DC45}.AppStore|iPhone.ActiveCfg = Debug|x86
		{953DA06F-FC94-487E-9B2F-EC99F2F5DC45}.AppStore|iPhone.Build.0 = Debug|x86
		{953DA06F-FC94-487E-9B2F-EC99F2F5DC45}.AppStore|iPhone.Deploy.0 = Debug|x86
		{953DA06F-FC94-487E-9B2F-EC99F2F5DC45}.AppStore|iPhoneSimulator.ActiveCfg = Debug|x86
		{953DA06F-FC94-487E-9B2F-EC99F2F5DC45}.AppStore|iPhoneSimulator.Build.0 = Debug|x86
		{953DA06F-FC94-487E-9B2F-EC99F2F5DC45}.AppStore|iPhoneSimulator.Deploy.0 = Debug|x86
		{953DA06F-FC94-487E-9B2F-EC99F2F5DC45}.AppStore|x64.ActiveCfg = Debug|x64
		{953DA06F-FC94-487E-9B2F-EC99F2F5DC45}.AppStore|x64.Build.0 = Debug|x64
		{953DA06F-FC94-487E-9B2F-EC99F2F5DC45}.AppStore|x64.Deploy.0 = Debug|x64
		{953DA06F-FC94-487E-9B2F-EC99F2F5DC45}.AppStore|x86.ActiveCfg = Debug|x86
		{953DA06F-FC94-487E-9B2F-EC99F2F5DC45}.AppStore|x86.Build.0 = Debug|x86
		{953DA06F-FC94-487E-9B2F-EC99F2F5DC45}.AppStore|x86.Deploy.0 = Debug|x86
		{953DA06F-FC94-487E-9B2F-EC99F2F5DC45}.Debug|Any CPU.ActiveCfg = Debug|x86
		{953DA06F-FC94-487E-9B2F-EC99F2F5DC45}.Debug|ARM.ActiveCfg = Debug|ARM
		{953DA06F-FC94-487E-9B2F-EC99F2F5DC45}.Debug|ARM.Build.0 = Debug|ARM
		{953DA06F-FC94-487E-9B2F-EC99F2F5DC45}.Debug|ARM.Deploy.0 = Debug|ARM
		{953DA06F-FC94-487E-9B2F-EC99F2F5DC45}.Debug|ARM64.ActiveCfg = Debug|ARM64
		{953DA06F-FC94-487E-9B2F-EC99F2F5DC45}.Debug|ARM64.Build.0 = Debug|ARM64
		{953DA06F-FC94-487E-9B2F-EC99F2F5DC45}.Debug|ARM64.Deploy.0 = Debug|ARM64
		{953DA06F-FC94-487E-9B2F-EC99F2F5DC45}.Debug|iPhone.ActiveCfg = Debug|x86
		{953DA06F-FC94-487E-9B2F-EC99F2F5DC45}.Debug|iPhoneSimulator.ActiveCfg = Debug|x86
		{953DA06F-FC94-487E-9B2F-EC99F2F5DC45}.Debug|x64.ActiveCfg = Debug|x64
		{953DA06F-FC94-487E-9B2F-EC99F2F5DC45}.Debug|x64.Build.0 = Debug|x64
		{953DA06F-FC94-487E-9B2F-EC99F2F5DC45}.Debug|x64.Deploy.0 = Debug|x64
		{953DA06F-FC94-487E-9B2F-EC99F2F5DC45}.Debug|x86.ActiveCfg = Debug|x86
		{953DA06F-FC94-487E-9B2F-EC99F2F5DC45}.Debug|x86.Build.0 = Debug|x86
		{953DA06F-FC94-487E-9B2F-EC99F2F5DC45}.Debug|x86.Deploy.0 = Debug|x86
		{953DA06F-FC94-487E-9B2F-EC99F2F5DC45}.Release|Any CPU.ActiveCfg = Release|x86
		{953DA06F-FC94-487E-9B2F-EC99F2F5DC45}.Release|ARM.ActiveCfg = Release|ARM
		{953DA06F-FC94-487E-9B2F-EC99F2F5DC45}.Release|ARM.Build.0 = Release|ARM
		{953DA06F-FC94-487E-9B2F-EC99F2F5DC45}.Release|ARM.Deploy.0 = Release|ARM
		{953DA06F-FC94-487E-9B2F-EC99F2F5DC45}.Release|ARM64.ActiveCfg = Release|ARM64
		{953DA06F-FC94-487E-9B2F-EC99F2F5DC45}.Release|ARM64.Build.0 = Release|ARM64
		{953DA06F-FC94-487E-9B2F-EC99F2F5DC45}.Release|ARM64.Deploy.0 = Release|ARM64
		{953DA06F-FC94-487E-9B2F-EC99F2F5DC45}.Release|iPhone.ActiveCfg = Release|x86
		{953DA06F-FC94-487E-9B2F-EC99F2F5DC45}.Release|iPhoneSimulator.ActiveCfg = Release|x86
		{953DA06F-FC94-487E-9B2F-EC99F2F5DC45}.Release|x64.ActiveCfg = Release|x64
		{953DA06F-FC94-487E-9B2F-EC99F2F5DC45}.Release|x64.Build.0 = Release|x64
		{953DA06F-FC94-487E-9B2F-EC99F2F5DC45}.Release|x64.Deploy.0 = Release|x64
		{953DA06F-FC94-487E-9B2F-EC99F2F5DC45}.Release|x86.ActiveCfg = Release|x86
		{953DA06F-FC94-487E-9B2F-EC99F2F5DC45}.Release|x86.Build.0 = Release|x86
		{953DA06F-FC94-487E-9B2F-EC99F2F5DC45}.Release|x86.Deploy.0 = Release|x86
	EndGlobalSection
	GlobalSection(SolutionProperties) = preSolution
		HideSolutionNode = FALSE
	EndGlobalSection
	GlobalSection(NestedProjects) = preSolution
		{6279C845-92F8-4333-AB99-3D213163593C} = {19510417-D616-4443-8872-C419CB7BA0D6}
		{953DA06F-FC94-487E-9B2F-EC99F2F5DC45} = {19510417-D616-4443-8872-C419CB7BA0D6}
		{19510417-D616-4443-8872-C419CB7BA0D6} = {168A3194-82CB-453A-B704-FF4716052A1F}
	EndGlobalSection
	GlobalSection(ExtensibilityGlobals) = postSolution
		SolutionGuid = {21B65BAF-3A61-4CBE-B243-2C4383BD41AB}
	EndGlobalSection
EndGlobal
